// !$*UTF8*$!
{
	archiveVersion = 1;
	classes = {
	};
	objectVersion = 46;
	objects = {

/* Begin PBXBuildFile section */
		C4D8ABE41AC5A4FE000E85F6 /* AppDelegate.swift in Sources */ = {isa = PBXBuildFile; fileRef = C4D8ABE31AC5A4FE000E85F6 /* AppDelegate.swift */; };
		C4D8ABE61AC5A4FE000E85F6 /* ViewController.swift in Sources */ = {isa = PBXBuildFile; fileRef = C4D8ABE51AC5A4FE000E85F6 /* ViewController.swift */; };
		C4D8ABE91AC5A4FE000E85F6 /* Main.storyboard in Resources */ = {isa = PBXBuildFile; fileRef = C4D8ABE71AC5A4FE000E85F6 /* Main.storyboard */; };
		C4D8ABEB1AC5A4FE000E85F6 /* Images.xcassets in Resources */ = {isa = PBXBuildFile; fileRef = C4D8ABEA1AC5A4FE000E85F6 /* Images.xcassets */; };
		C4D8ABEE1AC5A4FE000E85F6 /* LaunchScreen.xib in Resources */ = {isa = PBXBuildFile; fileRef = C4D8ABEC1AC5A4FE000E85F6 /* LaunchScreen.xib */; };
		C4D8ABFA1AC5A4FE000E85F6 /* GDMapTests.swift in Sources */ = {isa = PBXBuildFile; fileRef = C4D8ABF91AC5A4FE000E85F6 /* GDMapTests.swift */; };
		C4D8AC041AC5A761000E85F6 /* MAMapKit.framework in Frameworks */ = {isa = PBXBuildFile; fileRef = C4D8AC031AC5A761000E85F6 /* MAMapKit.framework */; };
		C4D8AC081AC5A84C000E85F6 /* AMap.bundle in Resources */ = {isa = PBXBuildFile; fileRef = C4D8AC071AC5A84C000E85F6 /* AMap.bundle */; };
		C4D8AC0A1AC5A89A000E85F6 /* UIKit.framework in Frameworks */ = {isa = PBXBuildFile; fileRef = C4D8AC091AC5A89A000E85F6 /* UIKit.framework */; };
		C4D8AC0C1AC5A8A8000E85F6 /* Foundation.framework in Frameworks */ = {isa = PBXBuildFile; fileRef = C4D8AC0B1AC5A8A8000E85F6 /* Foundation.framework */; };
		C4D8AC0E1AC5A8B4000E85F6 /* CoreGraphics.framework in Frameworks */ = {isa = PBXBuildFile; fileRef = C4D8AC0D1AC5A8B4000E85F6 /* CoreGraphics.framework */; };
		C4D8AC101AC5A8BE000E85F6 /* QuartzCore.framework in Frameworks */ = {isa = PBXBuildFile; fileRef = C4D8AC0F1AC5A8BE000E85F6 /* QuartzCore.framework */; };
		C4D8AC121AC5A8CA000E85F6 /* OpenGLES.framework in Frameworks */ = {isa = PBXBuildFile; fileRef = C4D8AC111AC5A8CA000E85F6 /* OpenGLES.framework */; };
		C4D8AC141AC5A8D4000E85F6 /* CoreLocation.framework in Frameworks */ = {isa = PBXBuildFile; fileRef = C4D8AC131AC5A8D4000E85F6 /* CoreLocation.framework */; };
		C4D8AC161AC5A8E1000E85F6 /* CoreTelephony.framework in Frameworks */ = {isa = PBXBuildFile; fileRef = C4D8AC151AC5A8E1000E85F6 /* CoreTelephony.framework */; };
		C4D8AC181AC5A8F0000E85F6 /* SystemConfiguration.framework in Frameworks */ = {isa = PBXBuildFile; fileRef = C4D8AC171AC5A8F0000E85F6 /* SystemConfiguration.framework */; };
		C4D8AC1A1AC5A8FC000E85F6 /* libz.dylib in Frameworks */ = {isa = PBXBuildFile; fileRef = C4D8AC191AC5A8FC000E85F6 /* libz.dylib */; };
		C4D8AC1C1AC5A90C000E85F6 /* libstdc++.6.0.9.dylib in Frameworks */ = {isa = PBXBuildFile; fileRef = C4D8AC1B1AC5A90C000E85F6 /* libstdc++.6.0.9.dylib */; };
		C4D8AC1E1AC5A919000E85F6 /* Security.framework in Frameworks */ = {isa = PBXBuildFile; fileRef = C4D8AC1D1AC5A919000E85F6 /* Security.framework */; };
		C4D8AC221AC5AA5B000E85F6 /* AMapSearchKit.framework in Frameworks */ = {isa = PBXBuildFile; fileRef = C4D8AC211AC5AA5B000E85F6 /* AMapSearchKit.framework */; };
/* End PBXBuildFile section */

/* Begin PBXContainerItemProxy section */
		C4D8ABF41AC5A4FE000E85F6 /* PBXContainerItemProxy */ = {
			isa = PBXContainerItemProxy;
			containerPortal = C4D8ABD61AC5A4FE000E85F6 /* Project object */;
			proxyType = 1;
			remoteGlobalIDString = C4D8ABDD1AC5A4FE000E85F6;
			remoteInfo = GDMap;
		};
/* End PBXContainerItemProxy section */

/* Begin PBXFileReference section */
		C4D8ABDE1AC5A4FE000E85F6 /* GDMap.app */ = {isa = PBXFileReference; explicitFileType = wrapper.application; includeInIndex = 0; path = GDMap.app; sourceTree = BUILT_PRODUCTS_DIR; };
		C4D8ABE21AC5A4FE000E85F6 /* Info.plist */ = {isa = PBXFileReference; lastKnownFileType = text.plist.xml; path = Info.plist; sourceTree = "<group>"; };
		C4D8ABE31AC5A4FE000E85F6 /* AppDelegate.swift */ = {isa = PBXFileReference; lastKnownFileType = sourcecode.swift; path = AppDelegate.swift; sourceTree = "<group>"; };
		C4D8ABE51AC5A4FE000E85F6 /* ViewController.swift */ = {isa = PBXFileReference; lastKnownFileType = sourcecode.swift; path = ViewController.swift; sourceTree = "<group>"; };
		C4D8ABE81AC5A4FE000E85F6 /* Base */ = {isa = PBXFileReference; lastKnownFileType = file.storyboard; name = Base; path = Base.lproj/Main.storyboard; sourceTree = "<group>"; };
		C4D8ABEA1AC5A4FE000E85F6 /* Images.xcassets */ = {isa = PBXFileReference; lastKnownFileType = folder.assetcatalog; path = Images.xcassets; sourceTree = "<group>"; };
		C4D8ABED1AC5A4FE000E85F6 /* Base */ = {isa = PBXFileReference; lastKnownFileType = file.xib; name = Base; path = Base.lproj/LaunchScreen.xib; sourceTree = "<group>"; };
		C4D8ABF31AC5A4FE000E85F6 /* GDMapTests.xctest */ = {isa = PBXFileReference; explicitFileType = wrapper.cfbundle; includeInIndex = 0; path = GDMapTests.xctest; sourceTree = BUILT_PRODUCTS_DIR; };
		C4D8ABF81AC5A4FE000E85F6 /* Info.plist */ = {isa = PBXFileReference; lastKnownFileType = text.plist.xml; path = Info.plist; sourceTree = "<group>"; };
		C4D8ABF91AC5A4FE000E85F6 /* GDMapTests.swift */ = {isa = PBXFileReference; lastKnownFileType = sourcecode.swift; path = GDMapTests.swift; sourceTree = "<group>"; };
		C4D8AC031AC5A761000E85F6 /* MAMapKit.framework */ = {isa = PBXFileReference; lastKnownFileType = wrapper.framework; name = MAMapKit.framework; path = ../../MAMapKit.framework; sourceTree = "<group>"; };
		C4D8AC071AC5A84C000E85F6 /* AMap.bundle */ = {isa = PBXFileReference; lastKnownFileType = "wrapper.plug-in"; path = AMap.bundle; sourceTree = "<group>"; };
		C4D8AC091AC5A89A000E85F6 /* UIKit.framework */ = {isa = PBXFileReference; lastKnownFileType = wrapper.framework; name = UIKit.framework; path = System/Library/Frameworks/UIKit.framework; sourceTree = SDKROOT; };
		C4D8AC0B1AC5A8A8000E85F6 /* Foundation.framework */ = {isa = PBXFileReference; lastKnownFileType = wrapper.framework; name = Foundation.framework; path = System/Library/Frameworks/Foundation.framework; sourceTree = SDKROOT; };
		C4D8AC0D1AC5A8B4000E85F6 /* CoreGraphics.framework */ = {isa = PBXFileReference; lastKnownFileType = wrapper.framework; name = CoreGraphics.framework; path = System/Library/Frameworks/CoreGraphics.framework; sourceTree = SDKROOT; };
		C4D8AC0F1AC5A8BE000E85F6 /* QuartzCore.framework */ = {isa = PBXFileReference; lastKnownFileType = wrapper.framework; name = QuartzCore.framework; path = System/Library/Frameworks/QuartzCore.framework; sourceTree = SDKROOT; };
		C4D8AC111AC5A8CA000E85F6 /* OpenGLES.framework */ = {isa = PBXFileReference; lastKnownFileType = wrapper.framework; name = OpenGLES.framework; path = System/Library/Frameworks/OpenGLES.framework; sourceTree = SDKROOT; };
		C4D8AC131AC5A8D4000E85F6 /* CoreLocation.framework */ = {isa = PBXFileReference; lastKnownFileType = wrapper.framework; name = CoreLocation.framework; path = System/Library/Frameworks/CoreLocation.framework; sourceTree = SDKROOT; };
		C4D8AC151AC5A8E1000E85F6 /* CoreTelephony.framework */ = {isa = PBXFileReference; lastKnownFileType = wrapper.framework; name = CoreTelephony.framework; path = System/Library/Frameworks/CoreTelephony.framework; sourceTree = SDKROOT; };
		C4D8AC171AC5A8F0000E85F6 /* SystemConfiguration.framework */ = {isa = PBXFileReference; lastKnownFileType = wrapper.framework; name = SystemConfiguration.framework; path = System/Library/Frameworks/SystemConfiguration.framework; sourceTree = SDKROOT; };
		C4D8AC191AC5A8FC000E85F6 /* libz.dylib */ = {isa = PBXFileReference; lastKnownFileType = "compiled.mach-o.dylib"; name = libz.dylib; path = usr/lib/libz.dylib; sourceTree = SDKROOT; };
		C4D8AC1B1AC5A90C000E85F6 /* libstdc++.6.0.9.dylib */ = {isa = PBXFileReference; lastKnownFileType = "compiled.mach-o.dylib"; name = "libstdc++.6.0.9.dylib"; path = "usr/lib/libstdc++.6.0.9.dylib"; sourceTree = SDKROOT; };
		C4D8AC1D1AC5A919000E85F6 /* Security.framework */ = {isa = PBXFileReference; lastKnownFileType = wrapper.framework; name = Security.framework; path = System/Library/Frameworks/Security.framework; sourceTree = SDKROOT; };
		C4D8AC201AC5A9DF000E85F6 /* AMapDemoSwift-Bridging-Header.h */ = {isa = PBXFileReference; lastKnownFileType = sourcecode.c.h; name = "AMapDemoSwift-Bridging-Header.h"; path = "GDMap/AMapDemoSwift-Bridging-Header.h"; sourceTree = "<group>"; };
		C4D8AC211AC5AA5B000E85F6 /* AMapSearchKit.framework */ = {isa = PBXFileReference; lastKnownFileType = wrapper.framework; name = AMapSearchKit.framework; path = ../../AMapSearchKit.framework; sourceTree = "<group>"; };
		C4D8AC241AC5B016000E85F6 /* Header.h */ = {isa = PBXFileReference; lastKnownFileType = sourcecode.c.h; path = Header.h; sourceTree = "<group>"; };
/* End PBXFileReference section */

/* Begin PBXFrameworksBuildPhase section */
		C4D8ABDB1AC5A4FE000E85F6 /* Frameworks */ = {
			isa = PBXFrameworksBuildPhase;
			buildActionMask = 2147483647;
			files = (
				C4D8AC221AC5AA5B000E85F6 /* AMapSearchKit.framework in Frameworks */,
				C4D8AC1E1AC5A919000E85F6 /* Security.framework in Frameworks */,
				C4D8AC1C1AC5A90C000E85F6 /* libstdc++.6.0.9.dylib in Frameworks */,
				C4D8AC1A1AC5A8FC000E85F6 /* libz.dylib in Frameworks */,
				C4D8AC181AC5A8F0000E85F6 /* SystemConfiguration.framework in Frameworks */,
				C4D8AC161AC5A8E1000E85F6 /* CoreTelephony.framework in Frameworks */,
				C4D8AC141AC5A8D4000E85F6 /* CoreLocation.framework in Frameworks */,
				C4D8AC121AC5A8CA000E85F6 /* OpenGLES.framework in Frameworks */,
				C4D8AC101AC5A8BE000E85F6 /* QuartzCore.framework in Frameworks */,
				C4D8AC0E1AC5A8B4000E85F6 /* CoreGraphics.framework in Frameworks */,
				C4D8AC0C1AC5A8A8000E85F6 /* Foundation.framework in Frameworks */,
				C4D8AC0A1AC5A89A000E85F6 /* UIKit.framework in Frameworks */,
				C4D8AC041AC5A761000E85F6 /* MAMapKit.framework in Frameworks */,
			);
			runOnlyForDeploymentPostprocessing = 0;
		};
		C4D8ABF01AC5A4FE000E85F6 /* Frameworks */ = {
			isa = PBXFrameworksBuildPhase;
			buildActionMask = 2147483647;
			files = (
			);
			runOnlyForDeploymentPostprocessing = 0;
		};
/* End PBXFrameworksBuildPhase section */

/* Begin PBXGroup section */
		C4D8ABD51AC5A4FE000E85F6 = {
			isa = PBXGroup;
			children = (
				C4D8AC241AC5B016000E85F6 /* Header.h */,
				C4D8AC201AC5A9DF000E85F6 /* AMapDemoSwift-Bridging-Header.h */,
				C4D8AC211AC5AA5B000E85F6 /* AMapSearchKit.framework */,
				C4D8AC1D1AC5A919000E85F6 /* Security.framework */,
				C4D8AC1B1AC5A90C000E85F6 /* libstdc++.6.0.9.dylib */,
				C4D8AC191AC5A8FC000E85F6 /* libz.dylib */,
				C4D8AC171AC5A8F0000E85F6 /* SystemConfiguration.framework */,
				C4D8AC151AC5A8E1000E85F6 /* CoreTelephony.framework */,
				C4D8AC131AC5A8D4000E85F6 /* CoreLocation.framework */,
				C4D8AC111AC5A8CA000E85F6 /* OpenGLES.framework */,
				C4D8AC0F1AC5A8BE000E85F6 /* QuartzCore.framework */,
				C4D8AC0D1AC5A8B4000E85F6 /* CoreGraphics.framework */,
				C4D8AC0B1AC5A8A8000E85F6 /* Foundation.framework */,
				C4D8AC091AC5A89A000E85F6 /* UIKit.framework */,
				C4D8AC071AC5A84C000E85F6 /* AMap.bundle */,
				C4D8AC031AC5A761000E85F6 /* MAMapKit.framework */,
				C4D8ABE01AC5A4FE000E85F6 /* GDMap */,
				C4D8ABF61AC5A4FE000E85F6 /* GDMapTests */,
				C4D8ABDF1AC5A4FE000E85F6 /* Products */,
			);
			sourceTree = "<group>";
		};
		C4D8ABDF1AC5A4FE000E85F6 /* Products */ = {
			isa = PBXGroup;
			children = (
				C4D8ABDE1AC5A4FE000E85F6 /* GDMap.app */,
				C4D8ABF31AC5A4FE000E85F6 /* GDMapTests.xctest */,
			);
			name = Products;
			sourceTree = "<group>";
		};
		C4D8ABE01AC5A4FE000E85F6 /* GDMap */ = {
			isa = PBXGroup;
			children = (
				C4D8ABE31AC5A4FE000E85F6 /* AppDelegate.swift */,
				C4D8ABE51AC5A4FE000E85F6 /* ViewController.swift */,
				C4D8ABE71AC5A4FE000E85F6 /* Main.storyboard */,
				C4D8ABEA1AC5A4FE000E85F6 /* Images.xcassets */,
				C4D8ABEC1AC5A4FE000E85F6 /* LaunchScreen.xib */,
				C4D8ABE11AC5A4FE000E85F6 /* Supporting Files */,
			);
			path = GDMap;
			sourceTree = "<group>";
		};
		C4D8ABE11AC5A4FE000E85F6 /* Supporting Files */ = {
			isa = PBXGroup;
			children = (
				C4D8ABE21AC5A4FE000E85F6 /* Info.plist */,
			);
			name = "Supporting Files";
			sourceTree = "<group>";
		};
		C4D8ABF61AC5A4FE000E85F6 /* GDMapTests */ = {
			isa = PBXGroup;
			children = (
				C4D8ABF91AC5A4FE000E85F6 /* GDMapTests.swift */,
				C4D8ABF71AC5A4FE000E85F6 /* Supporting Files */,
			);
			path = GDMapTests;
			sourceTree = "<group>";
		};
		C4D8ABF71AC5A4FE000E85F6 /* Supporting Files */ = {
			isa = PBXGroup;
			children = (
				C4D8ABF81AC5A4FE000E85F6 /* Info.plist */,
			);
			name = "Supporting Files";
			sourceTree = "<group>";
		};
/* End PBXGroup section */

/* Begin PBXNativeTarget section */
		C4D8ABDD1AC5A4FE000E85F6 /* GDMap */ = {
			isa = PBXNativeTarget;
			buildConfigurationList = C4D8ABFD1AC5A4FE000E85F6 /* Build configuration list for PBXNativeTarget "GDMap" */;
			buildPhases = (
				C4D8ABDA1AC5A4FE000E85F6 /* Sources */,
				C4D8ABDB1AC5A4FE000E85F6 /* Frameworks */,
				C4D8ABDC1AC5A4FE000E85F6 /* Resources */,
			);
			buildRules = (
			);
			dependencies = (
			);
			name = GDMap;
			productName = GDMap;
			productReference = C4D8ABDE1AC5A4FE000E85F6 /* GDMap.app */;
			productType = "com.apple.product-type.application";
		};
		C4D8ABF21AC5A4FE000E85F6 /* GDMapTests */ = {
			isa = PBXNativeTarget;
			buildConfigurationList = C4D8AC001AC5A4FE000E85F6 /* Build configuration list for PBXNativeTarget "GDMapTests" */;
			buildPhases = (
				C4D8ABEF1AC5A4FE000E85F6 /* Sources */,
				C4D8ABF01AC5A4FE000E85F6 /* Frameworks */,
				C4D8ABF11AC5A4FE000E85F6 /* Resources */,
			);
			buildRules = (
			);
			dependencies = (
				C4D8ABF51AC5A4FE000E85F6 /* PBXTargetDependency */,
			);
			name = GDMapTests;
			productName = GDMapTests;
			productReference = C4D8ABF31AC5A4FE000E85F6 /* GDMapTests.xctest */;
			productType = "com.apple.product-type.bundle.unit-test";
		};
/* End PBXNativeTarget section */

/* Begin PBXProject section */
		C4D8ABD61AC5A4FE000E85F6 /* Project object */ = {
			isa = PBXProject;
			attributes = {
				LastUpgradeCheck = 0620;
				ORGANIZATIONNAME = "Leon Zhang";
				TargetAttributes = {
					C4D8ABDD1AC5A4FE000E85F6 = {
						CreatedOnToolsVersion = 6.2;
					};
					C4D8ABF21AC5A4FE000E85F6 = {
						CreatedOnToolsVersion = 6.2;
						TestTargetID = C4D8ABDD1AC5A4FE000E85F6;
					};
				};
			};
			buildConfigurationList = C4D8ABD91AC5A4FE000E85F6 /* Build configuration list for PBXProject "GDMap" */;
			compatibilityVersion = "Xcode 3.2";
			developmentRegion = English;
			hasScannedForEncodings = 0;
			knownRegions = (
				en,
				Base,
			);
			mainGroup = C4D8ABD51AC5A4FE000E85F6;
			productRefGroup = C4D8ABDF1AC5A4FE000E85F6 /* Products */;
			projectDirPath = "";
			projectRoot = "";
			targets = (
				C4D8ABDD1AC5A4FE000E85F6 /* GDMap */,
				C4D8ABF21AC5A4FE000E85F6 /* GDMapTests */,
			);
		};
/* End PBXProject section */

/* Begin PBXResourcesBuildPhase section */
		C4D8ABDC1AC5A4FE000E85F6 /* Resources */ = {
			isa = PBXResourcesBuildPhase;
			buildActionMask = 2147483647;
			files = (
				C4D8ABE91AC5A4FE000E85F6 /* Main.storyboard in Resources */,
				C4D8ABEE1AC5A4FE000E85F6 /* LaunchScreen.xib in Resources */,
				C4D8AC081AC5A84C000E85F6 /* AMap.bundle in Resources */,
				C4D8ABEB1AC5A4FE000E85F6 /* Images.xcassets in Resources */,
			);
			runOnlyForDeploymentPostprocessing = 0;
		};
		C4D8ABF11AC5A4FE000E85F6 /* Resources */ = {
			isa = PBXResourcesBuildPhase;
			buildActionMask = 2147483647;
			files = (
			);
			runOnlyForDeploymentPostprocessing = 0;
		};
/* End PBXResourcesBuildPhase section */

/* Begin PBXSourcesBuildPhase section */
		C4D8ABDA1AC5A4FE000E85F6 /* Sources */ = {
			isa = PBXSourcesBuildPhase;
			buildActionMask = 2147483647;
			files = (
				C4D8ABE61AC5A4FE000E85F6 /* ViewController.swift in Sources */,
				C4D8ABE41AC5A4FE000E85F6 /* AppDelegate.swift in Sources */,
			);
			runOnlyForDeploymentPostprocessing = 0;
		};
		C4D8ABEF1AC5A4FE000E85F6 /* Sources */ = {
			isa = PBXSourcesBuildPhase;
			buildActionMask = 2147483647;
			files = (
				C4D8ABFA1AC5A4FE000E85F6 /* GDMapTests.swift in Sources */,
			);
			runOnlyForDeploymentPostprocessing = 0;
		};
/* End PBXSourcesBuildPhase section */

/* Begin PBXTargetDependency section */
		C4D8ABF51AC5A4FE000E85F6 /* PBXTargetDependency */ = {
			isa = PBXTargetDependency;
			target = C4D8ABDD1AC5A4FE000E85F6 /* GDMap */;
			targetProxy = C4D8ABF41AC5A4FE000E85F6 /* PBXContainerItemProxy */;
		};
/* End PBXTargetDependency section */

/* Begin PBXVariantGroup section */
		C4D8ABE71AC5A4FE000E85F6 /* Main.storyboard */ = {
			isa = PBXVariantGroup;
			children = (
				C4D8ABE81AC5A4FE000E85F6 /* Base */,
			);
			name = Main.storyboard;
			sourceTree = "<group>";
		};
		C4D8ABEC1AC5A4FE000E85F6 /* LaunchScreen.xib */ = {
			isa = PBXVariantGroup;
			children = (
				C4D8ABED1AC5A4FE000E85F6 /* Base */,
			);
			name = LaunchScreen.xib;
			sourceTree = "<group>";
		};
/* End PBXVariantGroup section */

/* Begin XCBuildConfiguration section */
		C4D8ABFB1AC5A4FE000E85F6 /* Debug */ = {
			isa = XCBuildConfiguration;
			buildSettings = {
				ALWAYS_SEARCH_USER_PATHS = NO;
				CLANG_CXX_LANGUAGE_STANDARD = "gnu++0x";
				CLANG_CXX_LIBRARY = "libc++";
				CLANG_ENABLE_MODULES = YES;
				CLANG_ENABLE_OBJC_ARC = YES;
				CLANG_WARN_BOOL_CONVERSION = YES;
				CLANG_WARN_CONSTANT_CONVERSION = YES;
				CLANG_WARN_DIRECT_OBJC_ISA_USAGE = YES_ERROR;
				CLANG_WARN_EMPTY_BODY = YES;
				CLANG_WARN_ENUM_CONVERSION = YES;
				CLANG_WARN_INT_CONVERSION = YES;
				CLANG_WARN_OBJC_ROOT_CLASS = YES_ERROR;
				CLANG_WARN_UNREACHABLE_CODE = YES;
				CLANG_WARN__DUPLICATE_METHOD_MATCH = YES;
				"CODE_SIGN_IDENTITY[sdk=iphoneos*]" = "iPhone Developer";
				COPY_PHASE_STRIP = NO;
				ENABLE_STRICT_OBJC_MSGSEND = YES;
				GCC_C_LANGUAGE_STANDARD = gnu99;
				GCC_DYNAMIC_NO_PIC = NO;
				GCC_OPTIMIZATION_LEVEL = 0;
				GCC_PREPROCESSOR_DEFINITIONS = (
					"DEBUG=1",
					"$(inherited)",
				);
				GCC_SYMBOLS_PRIVATE_EXTERN = NO;
				GCC_WARN_64_TO_32_BIT_CONVERSION = YES;
				GCC_WARN_ABOUT_RETURN_TYPE = YES_ERROR;
				GCC_WARN_UNDECLARED_SELECTOR = YES;
				GCC_WARN_UNINITIALIZED_AUTOS = YES_AGGRESSIVE;
				GCC_WARN_UNUSED_FUNCTION = YES;
				GCC_WARN_UNUSED_VARIABLE = YES;
				IPHONEOS_DEPLOYMENT_TARGET = 8.2;
				MTL_ENABLE_DEBUG_INFO = YES;
				ONLY_ACTIVE_ARCH = YES;
				SDKROOT = iphoneos;
				SWIFT_OPTIMIZATION_LEVEL = "-Onone";
				TARGETED_DEVICE_FAMILY = "1,2";
			};
			name = Debug;
		};
		C4D8ABFC1AC5A4FE000E85F6 /* Release */ = {
			isa = XCBuildConfiguration;
			buildSettings = {
				ALWAYS_SEARCH_USER_PATHS = NO;
				CLANG_CXX_LANGUAGE_STANDARD = "gnu++0x";
				CLANG_CXX_LIBRARY = "libc++";
				CLANG_ENABLE_MODULES = YES;
				CLANG_ENABLE_OBJC_ARC = YES;
				CLANG_WARN_BOOL_CONVERSION = YES;
				CLANG_WARN_CONSTANT_CONVERSION = YES;
				CLANG_WARN_DIRECT_OBJC_ISA_USAGE = YES_ERROR;
				CLANG_WARN_EMPTY_BODY = YES;
				CLANG_WARN_ENUM_CONVERSION = YES;
				CLANG_WARN_INT_CONVERSION = YES;
				CLANG_WARN_OBJC_ROOT_CLASS = YES_ERROR;
				CLANG_WARN_UNREACHABLE_CODE = YES;
				CLANG_WARN__DUPLICATE_METHOD_MATCH = YES;
				"CODE_SIGN_IDENTITY[sdk=iphoneos*]" = "iPhone Developer";
				COPY_PHASE_STRIP = NO;
				ENABLE_NS_ASSERTIONS = NO;
				ENABLE_STRICT_OBJC_MSGSEND = YES;
				GCC_C_LANGUAGE_STANDARD = gnu99;
				GCC_WARN_64_TO_32_BIT_CONVERSION = YES;
				GCC_WARN_ABOUT_RETURN_TYPE = YES_ERROR;
				GCC_WARN_UNDECLARED_SELECTOR = YES;
				GCC_WARN_UNINITIALIZED_AUTOS = YES_AGGRESSIVE;
				GCC_WARN_UNUSED_FUNCTION = YES;
				GCC_WARN_UNUSED_VARIABLE = YES;
				IPHONEOS_DEPLOYMENT_TARGET = 8.2;
				MTL_ENABLE_DEBUG_INFO = NO;
				SDKROOT = iphoneos;
				TARGETED_DEVICE_FAMILY = "1,2";
				VALIDATE_PRODUCT = YES;
			};
			name = Release;
		};
		C4D8ABFE1AC5A4FE000E85F6 /* Debug */ = {
			isa = XCBuildConfiguration;
			buildSettings = {
				ASSETCATALOG_COMPILER_APPICON_NAME = AppIcon;
				FRAMEWORK_SEARCH_PATHS = (
					"$(inherited)",
					/Users/leonzhang/Documents,
				);
				INFOPLIST_FILE = GDMap/Info.plist;
				LD_RUNPATH_SEARCH_PATHS = "$(inherited) @executable_path/Frameworks";
				PRODUCT_NAME = "$(TARGET_NAME)";
				SWIFT_OBJC_BRIDGING_HEADER = Header.h;
			};
			name = Debug;
		};
		C4D8ABFF1AC5A4FE000E85F6 /* Release */ = {
			isa = XCBuildConfiguration;
			buildSettings = {
				ASSETCATALOG_COMPILER_APPICON_NAME = AppIcon;
				FRAMEWORK_SEARCH_PATHS = (
					"$(inherited)",
					/Users/leonzhang/Documents,
				);
				INFOPLIST_FILE = GDMap/Info.plist;
				LD_RUNPATH_SEARCH_PATHS = "$(inherited) @executable_path/Frameworks";
				PRODUCT_NAME = "$(TARGET_NAME)";
				SWIFT_OBJC_BRIDGING_HEADER = Header.h;
			};
			name = Release;
		};
		C4D8AC011AC5A4FE000E85F6 /* Debug */ = {
			isa = XCBuildConfiguration;
			buildSettings = {
				BUNDLE_LOADER = "$(TEST_HOST)";
				FRAMEWORK_SEARCH_PATHS = (
					"$(SDKROOT)/Developer/Library/Frameworks",
					"$(inherited)",
				);
				GCC_PREPROCESSOR_DEFINITIONS = (
					"DEBUG=1",
					"$(inherited)",
				);
				INFOPLIST_FILE = GDMapTests/Info.plist;
				LD_RUNPATH_SEARCH_PATHS = "$(inherited) @executable_path/Frameworks @loader_path/Frameworks";
				PRODUCT_NAME = "$(TARGET_NAME)";
				TEST_HOST = "$(BUILT_PRODUCTS_DIR)/GDMap.app/GDMap";
			};
			name = Debug;
		};
		C4D8AC021AC5A4FE000E85F6 /* Release */ = {
			isa = XCBuildConfiguration;
			buildSettings = {
				BUNDLE_LOADER = "$(TEST_HOST)";
				FRAMEWORK_SEARCH_PATHS = (
					"$(SDKROOT)/Developer/Library/Frameworks",
					"$(inherited)",
				);
				INFOPLIST_FILE = GDMapTests/Info.plist;
				LD_RUNPATH_SEARCH_PATHS = "$(inherited) @executable_path/Frameworks @loader_path/Frameworks";
				PRODUCT_NAME = "$(TARGET_NAME)";
				TEST_HOST = "$(BUILT_PRODUCTS_DIR)/GDMap.app/GDMap";
			};
			name = Release;
		};
/* End XCBuildConfiguration section */

/* Begin XCConfigurationList section */
		C4D8ABD91AC5A4FE000E85F6 /* Build configuration list for PBXProject "GDMap" */ = {
			isa = XCConfigurationList;
			buildConfigurations = (
				C4D8ABFB1AC5A4FE000E85F6 /* Debug */,
				C4D8ABFC1AC5A4FE000E85F6 /* Release */,
			);
			defaultConfigurationIsVisible = 0;
			defaultConfigurationName = Release;
		};
		C4D8ABFD1AC5A4FE000E85F6 /* Build configuration list for PBXNativeTarget "GDMap" */ = {
			isa = XCConfigurationList;
			buildConfigurations = (
				C4D8ABFE1AC5A4FE000E85F6 /* Debug */,
				C4D8ABFF1AC5A4FE000E85F6 /* Release */,
			);
			defaultConfigurationIsVisible = 0;
		};
		C4D8AC001AC5A4FE000E85F6 /* Build configuration list for PBXNativeTarget "GDMapTests" */ = {
			isa = XCConfigurationList;
			buildConfigurations = (
				C4D8AC011AC5A4FE000E85F6 /* Debug */,
				C4D8AC021AC5A4FE000E85F6 /* Release */,
			);
			defaultConfigurationIsVisible = 0;
		};
/* End XCConfigurationList section */
	};
	rootObject = C4D8ABD61AC5A4FE000E85F6 /* Project object */;
}
