// !$*UTF8*$!
{
	archiveVersion = 1;
	classes = {
	};
	objectVersion = 46;
	objects = {

/* Begin PBXBuildFile section */
		C48448BA1AD507FC00609EA9 /* AppDelegate.swift in Sources */ = {isa = PBXBuildFile; fileRef = C48448B91AD507FC00609EA9 /* AppDelegate.swift */; };
		C48448BC1AD507FC00609EA9 /* ViewController.swift in Sources */ = {isa = PBXBuildFile; fileRef = C48448BB1AD507FC00609EA9 /* ViewController.swift */; };
		C48448BF1AD507FC00609EA9 /* Main.storyboard in Resources */ = {isa = PBXBuildFile; fileRef = C48448BD1AD507FC00609EA9 /* Main.storyboard */; };
		C48448C11AD507FC00609EA9 /* Images.xcassets in Resources */ = {isa = PBXBuildFile; fileRef = C48448C01AD507FC00609EA9 /* Images.xcassets */; };
		C48448C41AD507FC00609EA9 /* LaunchScreen.xib in Resources */ = {isa = PBXBuildFile; fileRef = C48448C21AD507FC00609EA9 /* LaunchScreen.xib */; };
		C48448D01AD507FC00609EA9 /* BaiMapTest2Tests.swift in Sources */ = {isa = PBXBuildFile; fileRef = C48448CF1AD507FC00609EA9 /* BaiMapTest2Tests.swift */; };
		C48449181AD5083200609EA9 /* mapapi.bundle in Resources */ = {isa = PBXBuildFile; fileRef = C48449171AD5083200609EA9 /* mapapi.bundle */; };
		C484491A1AD5085000609EA9 /* libbaidumapapi.a in Frameworks */ = {isa = PBXBuildFile; fileRef = C48449191AD5085000609EA9 /* libbaidumapapi.a */; };
		C484491E1AD5089C00609EA9 /* test.mm in Sources */ = {isa = PBXBuildFile; fileRef = C484491D1AD5089C00609EA9 /* test.mm */; };
		C48449201AD50A7C00609EA9 /* CoreLocation.framework in Frameworks */ = {isa = PBXBuildFile; fileRef = C484491F1AD50A7C00609EA9 /* CoreLocation.framework */; };
		C48449221AD50A8200609EA9 /* QuartzCore.framework in Frameworks */ = {isa = PBXBuildFile; fileRef = C48449211AD50A8200609EA9 /* QuartzCore.framework */; };
		C48449241AD50A8700609EA9 /* Security.framework in Frameworks */ = {isa = PBXBuildFile; fileRef = C48449231AD50A8700609EA9 /* Security.framework */; };
		C48449261AD50A8F00609EA9 /* OpenGLES.framework in Frameworks */ = {isa = PBXBuildFile; fileRef = C48449251AD50A8F00609EA9 /* OpenGLES.framework */; };
		C48449281AD50A9C00609EA9 /* SystemConfiguration.framework in Frameworks */ = {isa = PBXBuildFile; fileRef = C48449271AD50A9C00609EA9 /* SystemConfiguration.framework */; };
		C484492A1AD50AA400609EA9 /* CoreGraphics.framework in Frameworks */ = {isa = PBXBuildFile; fileRef = C48449291AD50AA400609EA9 /* CoreGraphics.framework */; };
/* End PBXBuildFile section */

/* Begin PBXContainerItemProxy section */
		C48448CA1AD507FC00609EA9 /* PBXContainerItemProxy */ = {
			isa = PBXContainerItemProxy;
			containerPortal = C48448AC1AD507FC00609EA9 /* Project object */;
			proxyType = 1;
			remoteGlobalIDString = C48448B31AD507FC00609EA9;
			remoteInfo = BaiMapTest2;
		};
/* End PBXContainerItemProxy section */

/* Begin PBXFileReference section */
		C48448B41AD507FC00609EA9 /* BaiMapTest2.app */ = {isa = PBXFileReference; explicitFileType = wrapper.application; includeInIndex = 0; path = BaiMapTest2.app; sourceTree = BUILT_PRODUCTS_DIR; };
		C48448B81AD507FC00609EA9 /* Info.plist */ = {isa = PBXFileReference; lastKnownFileType = text.plist.xml; path = Info.plist; sourceTree = "<group>"; };
		C48448B91AD507FC00609EA9 /* AppDelegate.swift */ = {isa = PBXFileReference; lastKnownFileType = sourcecode.swift; path = AppDelegate.swift; sourceTree = "<group>"; };
		C48448BB1AD507FC00609EA9 /* ViewController.swift */ = {isa = PBXFileReference; lastKnownFileType = sourcecode.swift; path = ViewController.swift; sourceTree = "<group>"; };
		C48448BE1AD507FC00609EA9 /* Base */ = {isa = PBXFileReference; lastKnownFileType = file.storyboard; name = Base; path = Base.lproj/Main.storyboard; sourceTree = "<group>"; };
		C48448C01AD507FC00609EA9 /* Images.xcassets */ = {isa = PBXFileReference; lastKnownFileType = folder.assetcatalog; path = Images.xcassets; sourceTree = "<group>"; };
		C48448C31AD507FC00609EA9 /* Base */ = {isa = PBXFileReference; lastKnownFileType = file.xib; name = Base; path = Base.lproj/LaunchScreen.xib; sourceTree = "<group>"; };
		C48448C91AD507FC00609EA9 /* BaiMapTest2Tests.xctest */ = {isa = PBXFileReference; explicitFileType = wrapper.cfbundle; includeInIndex = 0; path = BaiMapTest2Tests.xctest; sourceTree = BUILT_PRODUCTS_DIR; };
		C48448CE1AD507FC00609EA9 /* Info.plist */ = {isa = PBXFileReference; lastKnownFileType = text.plist.xml; path = Info.plist; sourceTree = "<group>"; };
		C48448CF1AD507FC00609EA9 /* BaiMapTest2Tests.swift */ = {isa = PBXFileReference; lastKnownFileType = sourcecode.swift; path = BaiMapTest2Tests.swift; sourceTree = "<group>"; };
		C48448DA1AD5082700609EA9 /* BMapKit.h */ = {isa = PBXFileReference; fileEncoding = 4; lastKnownFileType = sourcecode.c.h; path = BMapKit.h; sourceTree = "<group>"; };
		C48448DB1AD5082700609EA9 /* BMKActionPaopaoView.h */ = {isa = PBXFileReference; fileEncoding = 4; lastKnownFileType = sourcecode.c.h; path = BMKActionPaopaoView.h; sourceTree = "<group>"; };
		C48448DC1AD5082700609EA9 /* BMKAnnotation.h */ = {isa = PBXFileReference; fileEncoding = 4; lastKnownFileType = sourcecode.c.h; path = BMKAnnotation.h; sourceTree = "<group>"; };
		C48448DD1AD5082700609EA9 /* BMKAnnotationView.h */ = {isa = PBXFileReference; fileEncoding = 4; lastKnownFileType = sourcecode.c.h; path = BMKAnnotationView.h; sourceTree = "<group>"; };
		C48448DE1AD5082700609EA9 /* BMKArcline.h */ = {isa = PBXFileReference; fileEncoding = 4; lastKnownFileType = sourcecode.c.h; path = BMKArcline.h; sourceTree = "<group>"; };
		C48448DF1AD5082700609EA9 /* BMKArclineView.h */ = {isa = PBXFileReference; fileEncoding = 4; lastKnownFileType = sourcecode.c.h; path = BMKArclineView.h; sourceTree = "<group>"; };
		C48448E01AD5082700609EA9 /* BMKBaseComponent.h */ = {isa = PBXFileReference; fileEncoding = 4; lastKnownFileType = sourcecode.c.h; path = BMKBaseComponent.h; sourceTree = "<group>"; };
		C48448E11AD5082700609EA9 /* BMKBusLineSearch.h */ = {isa = PBXFileReference; fileEncoding = 4; lastKnownFileType = sourcecode.c.h; path = BMKBusLineSearch.h; sourceTree = "<group>"; };
		C48448E21AD5082700609EA9 /* BMKBusLineSearchOption.h */ = {isa = PBXFileReference; fileEncoding = 4; lastKnownFileType = sourcecode.c.h; path = BMKBusLineSearchOption.h; sourceTree = "<group>"; };
		C48448E31AD5082700609EA9 /* BMKCircle.h */ = {isa = PBXFileReference; fileEncoding = 4; lastKnownFileType = sourcecode.c.h; path = BMKCircle.h; sourceTree = "<group>"; };
		C48448E41AD5082700609EA9 /* BMKCircleView.h */ = {isa = PBXFileReference; fileEncoding = 4; lastKnownFileType = sourcecode.c.h; path = BMKCircleView.h; sourceTree = "<group>"; };
		C48448E51AD5082700609EA9 /* BMKCloudPOIList.h */ = {isa = PBXFileReference; fileEncoding = 4; lastKnownFileType = sourcecode.c.h; path = BMKCloudPOIList.h; sourceTree = "<group>"; };
		C48448E61AD5082700609EA9 /* BMKCloudSearch.h */ = {isa = PBXFileReference; fileEncoding = 4; lastKnownFileType = sourcecode.c.h; path = BMKCloudSearch.h; sourceTree = "<group>"; };
		C48448E71AD5082700609EA9 /* BMKCloudSearchComponent.h */ = {isa = PBXFileReference; fileEncoding = 4; lastKnownFileType = sourcecode.c.h; path = BMKCloudSearchComponent.h; sourceTree = "<group>"; };
		C48448E81AD5082700609EA9 /* BMKCloudSearchInfo.h */ = {isa = PBXFileReference; fileEncoding = 4; lastKnownFileType = sourcecode.c.h; path = BMKCloudSearchInfo.h; sourceTree = "<group>"; };
		C48448E91AD5082700609EA9 /* BMKGeneralDelegate.h */ = {isa = PBXFileReference; fileEncoding = 4; lastKnownFileType = sourcecode.c.h; path = BMKGeneralDelegate.h; sourceTree = "<group>"; };
		C48448EA1AD5082700609EA9 /* BMKGeocodeSearch.h */ = {isa = PBXFileReference; fileEncoding = 4; lastKnownFileType = sourcecode.c.h; path = BMKGeocodeSearch.h; sourceTree = "<group>"; };
		C48448EB1AD5082700609EA9 /* BMKGeocodeSearchOption.h */ = {isa = PBXFileReference; fileEncoding = 4; lastKnownFileType = sourcecode.c.h; path = BMKGeocodeSearchOption.h; sourceTree = "<group>"; };
		C48448EC1AD5082700609EA9 /* BMKGeocodeType.h */ = {isa = PBXFileReference; fileEncoding = 4; lastKnownFileType = sourcecode.c.h; path = BMKGeocodeType.h; sourceTree = "<group>"; };
		C48448ED1AD5082700609EA9 /* BMKGeometry.h */ = {isa = PBXFileReference; fileEncoding = 4; lastKnownFileType = sourcecode.c.h; path = BMKGeometry.h; sourceTree = "<group>"; };
		C48448EE1AD5082700609EA9 /* BMKGradient.h */ = {isa = PBXFileReference; fileEncoding = 4; lastKnownFileType = sourcecode.c.h; path = BMKGradient.h; sourceTree = "<group>"; };
		C48448EF1AD5082700609EA9 /* BMKGroundOverlay.h */ = {isa = PBXFileReference; fileEncoding = 4; lastKnownFileType = sourcecode.c.h; path = BMKGroundOverlay.h; sourceTree = "<group>"; };
		C48448F01AD5082700609EA9 /* BMKGroundOverlayView.h */ = {isa = PBXFileReference; fileEncoding = 4; lastKnownFileType = sourcecode.c.h; path = BMKGroundOverlayView.h; sourceTree = "<group>"; };
		C48448F11AD5082700609EA9 /* BMKHeatMap.h */ = {isa = PBXFileReference; fileEncoding = 4; lastKnownFileType = sourcecode.c.h; path = BMKHeatMap.h; sourceTree = "<group>"; };
		C48448F21AD5082700609EA9 /* BMKLocationComponent.h */ = {isa = PBXFileReference; fileEncoding = 4; lastKnownFileType = sourcecode.c.h; path = BMKLocationComponent.h; sourceTree = "<group>"; };
		C48448F31AD5082700609EA9 /* BMKLocationService.h */ = {isa = PBXFileReference; fileEncoding = 4; lastKnownFileType = sourcecode.c.h; path = BMKLocationService.h; sourceTree = "<group>"; };
		C48448F41AD5082700609EA9 /* BMKLocationViewDisplayParam.h */ = {isa = PBXFileReference; fileEncoding = 4; lastKnownFileType = sourcecode.c.h; path = BMKLocationViewDisplayParam.h; sourceTree = "<group>"; };
		C48448F51AD5082700609EA9 /* BMKMapComponent.h */ = {isa = PBXFileReference; fileEncoding = 4; lastKnownFileType = sourcecode.c.h; path = BMKMapComponent.h; sourceTree = "<group>"; };
		C48448F61AD5082700609EA9 /* BMKMapManager.h */ = {isa = PBXFileReference; fileEncoding = 4; lastKnownFileType = sourcecode.c.h; path = BMKMapManager.h; sourceTree = "<group>"; };
		C48448F71AD5082700609EA9 /* BMKMapStatus.h */ = {isa = PBXFileReference; fileEncoding = 4; lastKnownFileType = sourcecode.c.h; path = BMKMapStatus.h; sourceTree = "<group>"; };
		C48448F81AD5082700609EA9 /* BMKMapView.h */ = {isa = PBXFileReference; fileEncoding = 4; lastKnownFileType = sourcecode.c.h; path = BMKMapView.h; sourceTree = "<group>"; };
		C48448F91AD5082700609EA9 /* BMKMultiPoint.h */ = {isa = PBXFileReference; fileEncoding = 4; lastKnownFileType = sourcecode.c.h; path = BMKMultiPoint.h; sourceTree = "<group>"; };
		C48448FA1AD5082700609EA9 /* BMKNavigation.h */ = {isa = PBXFileReference; fileEncoding = 4; lastKnownFileType = sourcecode.c.h; path = BMKNavigation.h; sourceTree = "<group>"; };
		C48448FB1AD5082700609EA9 /* BMKOfflineMap.h */ = {isa = PBXFileReference; fileEncoding = 4; lastKnownFileType = sourcecode.c.h; path = BMKOfflineMap.h; sourceTree = "<group>"; };
		C48448FC1AD5082700609EA9 /* BMKOfflineMapType.h */ = {isa = PBXFileReference; fileEncoding = 4; lastKnownFileType = sourcecode.c.h; path = BMKOfflineMapType.h; sourceTree = "<group>"; };
		C48448FD1AD5082700609EA9 /* BMKOverlay.h */ = {isa = PBXFileReference; fileEncoding = 4; lastKnownFileType = sourcecode.c.h; path = BMKOverlay.h; sourceTree = "<group>"; };
		C48448FE1AD5082700609EA9 /* BMKOverlayGLBasicView.h */ = {isa = PBXFileReference; fileEncoding = 4; lastKnownFileType = sourcecode.c.h; path = BMKOverlayGLBasicView.h; sourceTree = "<group>"; };
		C48448FF1AD5082700609EA9 /* BMKOverlayPathView.h */ = {isa = PBXFileReference; fileEncoding = 4; lastKnownFileType = sourcecode.c.h; path = BMKOverlayPathView.h; sourceTree = "<group>"; };
		C48449001AD5082700609EA9 /* BMKOverlayView.h */ = {isa = PBXFileReference; fileEncoding = 4; lastKnownFileType = sourcecode.c.h; path = BMKOverlayView.h; sourceTree = "<group>"; };
		C48449011AD5082700609EA9 /* BMKPinAnnotationView.h */ = {isa = PBXFileReference; fileEncoding = 4; lastKnownFileType = sourcecode.c.h; path = BMKPinAnnotationView.h; sourceTree = "<group>"; };
		C48449021AD5082700609EA9 /* BMKPointAnnotation.h */ = {isa = PBXFileReference; fileEncoding = 4; lastKnownFileType = sourcecode.c.h; path = BMKPointAnnotation.h; sourceTree = "<group>"; };
		C48449031AD5082700609EA9 /* BMKPoiSearch.h */ = {isa = PBXFileReference; fileEncoding = 4; lastKnownFileType = sourcecode.c.h; path = BMKPoiSearch.h; sourceTree = "<group>"; };
		C48449041AD5082700609EA9 /* BMKPoiSearchOption.h */ = {isa = PBXFileReference; fileEncoding = 4; lastKnownFileType = sourcecode.c.h; path = BMKPoiSearchOption.h; sourceTree = "<group>"; };
		C48449051AD5082700609EA9 /* BMKPoiSearchType.h */ = {isa = PBXFileReference; fileEncoding = 4; lastKnownFileType = sourcecode.c.h; path = BMKPoiSearchType.h; sourceTree = "<group>"; };
		C48449061AD5082700609EA9 /* BMKPolygon.h */ = {isa = PBXFileReference; fileEncoding = 4; lastKnownFileType = sourcecode.c.h; path = BMKPolygon.h; sourceTree = "<group>"; };
		C48449071AD5082700609EA9 /* BMKPolygonView.h */ = {isa = PBXFileReference; fileEncoding = 4; lastKnownFileType = sourcecode.c.h; path = BMKPolygonView.h; sourceTree = "<group>"; };
		C48449081AD5082700609EA9 /* BMKPolyline.h */ = {isa = PBXFileReference; fileEncoding = 4; lastKnownFileType = sourcecode.c.h; path = BMKPolyline.h; sourceTree = "<group>"; };
		C48449091AD5082700609EA9 /* BMKPolylineView.h */ = {isa = PBXFileReference; fileEncoding = 4; lastKnownFileType = sourcecode.c.h; path = BMKPolylineView.h; sourceTree = "<group>"; };
		C484490A1AD5082700609EA9 /* BMKRouteSearch.h */ = {isa = PBXFileReference; fileEncoding = 4; lastKnownFileType = sourcecode.c.h; path = BMKRouteSearch.h; sourceTree = "<group>"; };
		C484490B1AD5082700609EA9 /* BMKRouteSearchOption.h */ = {isa = PBXFileReference; fileEncoding = 4; lastKnownFileType = sourcecode.c.h; path = BMKRouteSearchOption.h; sourceTree = "<group>"; };
		C484490C1AD5082700609EA9 /* BMKRouteSearchType.h */ = {isa = PBXFileReference; fileEncoding = 4; lastKnownFileType = sourcecode.c.h; path = BMKRouteSearchType.h; sourceTree = "<group>"; };
		C484490D1AD5082700609EA9 /* BMKSearchComponent.h */ = {isa = PBXFileReference; fileEncoding = 4; lastKnownFileType = sourcecode.c.h; path = BMKSearchComponent.h; sourceTree = "<group>"; };
		C484490E1AD5082700609EA9 /* BMKShape.h */ = {isa = PBXFileReference; fileEncoding = 4; lastKnownFileType = sourcecode.c.h; path = BMKShape.h; sourceTree = "<group>"; };
		C484490F1AD5082700609EA9 /* BMKShareURLSearch.h */ = {isa = PBXFileReference; fileEncoding = 4; lastKnownFileType = sourcecode.c.h; path = BMKShareURLSearch.h; sourceTree = "<group>"; };
		C48449101AD5082700609EA9 /* BMKShareUrlSearchOption.h */ = {isa = PBXFileReference; fileEncoding = 4; lastKnownFileType = sourcecode.c.h; path = BMKShareUrlSearchOption.h; sourceTree = "<group>"; };
		C48449111AD5082700609EA9 /* BMKSuggestionSearch.h */ = {isa = PBXFileReference; fileEncoding = 4; lastKnownFileType = sourcecode.c.h; path = BMKSuggestionSearch.h; sourceTree = "<group>"; };
		C48449121AD5082700609EA9 /* BMKSuggestionSearchOption.h */ = {isa = PBXFileReference; fileEncoding = 4; lastKnownFileType = sourcecode.c.h; path = BMKSuggestionSearchOption.h; sourceTree = "<group>"; };
		C48449131AD5082700609EA9 /* BMKTypes.h */ = {isa = PBXFileReference; fileEncoding = 4; lastKnownFileType = sourcecode.c.h; path = BMKTypes.h; sourceTree = "<group>"; };
		C48449141AD5082700609EA9 /* BMKUserLocation.h */ = {isa = PBXFileReference; fileEncoding = 4; lastKnownFileType = sourcecode.c.h; path = BMKUserLocation.h; sourceTree = "<group>"; };
		C48449151AD5082700609EA9 /* BMKUtilsComponent.h */ = {isa = PBXFileReference; fileEncoding = 4; lastKnownFileType = sourcecode.c.h; path = BMKUtilsComponent.h; sourceTree = "<group>"; };
		C48449161AD5082700609EA9 /* BMKVersion.h */ = {isa = PBXFileReference; fileEncoding = 4; lastKnownFileType = sourcecode.c.h; path = BMKVersion.h; sourceTree = "<group>"; };
		C48449171AD5083200609EA9 /* mapapi.bundle */ = {isa = PBXFileReference; lastKnownFileType = "wrapper.plug-in"; path = mapapi.bundle; sourceTree = "<group>"; };
		C48449191AD5085000609EA9 /* libbaidumapapi.a */ = {isa = PBXFileReference; lastKnownFileType = archive.ar; path = libbaidumapapi.a; sourceTree = "<group>"; };
		C484491C1AD5089C00609EA9 /* BaiMapTest2-Bridging-Header.h */ = {isa = PBXFileReference; lastKnownFileType = sourcecode.c.h; path = "BaiMapTest2-Bridging-Header.h"; sourceTree = "<group>"; };
		C484491D1AD5089C00609EA9 /* test.mm */ = {isa = PBXFileReference; explicitFileType = sourcecode.cpp.objcpp; fileEncoding = 4; path = test.mm; sourceTree = "<group>"; };
		C484491F1AD50A7C00609EA9 /* CoreLocation.framework */ = {isa = PBXFileReference; lastKnownFileType = wrapper.framework; name = CoreLocation.framework; path = System/Library/Frameworks/CoreLocation.framework; sourceTree = SDKROOT; };
		C48449211AD50A8200609EA9 /* QuartzCore.framework */ = {isa = PBXFileReference; lastKnownFileType = wrapper.framework; name = QuartzCore.framework; path = System/Library/Frameworks/QuartzCore.framework; sourceTree = SDKROOT; };
		C48449231AD50A8700609EA9 /* Security.framework */ = {isa = PBXFileReference; lastKnownFileType = wrapper.framework; name = Security.framework; path = System/Library/Frameworks/Security.framework; sourceTree = SDKROOT; };
		C48449251AD50A8F00609EA9 /* OpenGLES.framework */ = {isa = PBXFileReference; lastKnownFileType = wrapper.framework; name = OpenGLES.framework; path = System/Library/Frameworks/OpenGLES.framework; sourceTree = SDKROOT; };
		C48449271AD50A9C00609EA9 /* SystemConfiguration.framework */ = {isa = PBXFileReference; lastKnownFileType = wrapper.framework; name = SystemConfiguration.framework; path = System/Library/Frameworks/SystemConfiguration.framework; sourceTree = SDKROOT; };
		C48449291AD50AA400609EA9 /* CoreGraphics.framework */ = {isa = PBXFileReference; lastKnownFileType = wrapper.framework; name = CoreGraphics.framework; path = System/Library/Frameworks/CoreGraphics.framework; sourceTree = SDKROOT; };
/* End PBXFileReference section */

/* Begin PBXFrameworksBuildPhase section */
		C48448B11AD507FC00609EA9 /* Frameworks */ = {
			isa = PBXFrameworksBuildPhase;
			buildActionMask = 2147483647;
			files = (
				C484492A1AD50AA400609EA9 /* CoreGraphics.framework in Frameworks */,
				C48449281AD50A9C00609EA9 /* SystemConfiguration.framework in Frameworks */,
				C48449261AD50A8F00609EA9 /* OpenGLES.framework in Frameworks */,
				C48449241AD50A8700609EA9 /* Security.framework in Frameworks */,
				C48449221AD50A8200609EA9 /* QuartzCore.framework in Frameworks */,
				C48449201AD50A7C00609EA9 /* CoreLocation.framework in Frameworks */,
				C484491A1AD5085000609EA9 /* libbaidumapapi.a in Frameworks */,
			);
			runOnlyForDeploymentPostprocessing = 0;
		};
		C48448C61AD507FC00609EA9 /* Frameworks */ = {
			isa = PBXFrameworksBuildPhase;
			buildActionMask = 2147483647;
			files = (
			);
			runOnlyForDeploymentPostprocessing = 0;
		};
/* End PBXFrameworksBuildPhase section */

/* Begin PBXGroup section */
		C48448AB1AD507FC00609EA9 = {
			isa = PBXGroup;
			children = (
				C48449291AD50AA400609EA9 /* CoreGraphics.framework */,
				C48449271AD50A9C00609EA9 /* SystemConfiguration.framework */,
				C48449251AD50A8F00609EA9 /* OpenGLES.framework */,
				C48449231AD50A8700609EA9 /* Security.framework */,
				C48449211AD50A8200609EA9 /* QuartzCore.framework */,
				C484491F1AD50A7C00609EA9 /* CoreLocation.framework */,
				C484491B1AD5086F00609EA9 /* libs */,
				C48449171AD5083200609EA9 /* mapapi.bundle */,
				C48448D91AD5082700609EA9 /* inc */,
				C48448B61AD507FC00609EA9 /* BaiMapTest2 */,
				C48448CC1AD507FC00609EA9 /* BaiMapTest2Tests */,
				C48448B51AD507FC00609EA9 /* Products */,
			);
			sourceTree = "<group>";
		};
		C48448B51AD507FC00609EA9 /* Products */ = {
			isa = PBXGroup;
			children = (
				C48448B41AD507FC00609EA9 /* BaiMapTest2.app */,
				C48448C91AD507FC00609EA9 /* BaiMapTest2Tests.xctest */,
			);
			name = Products;
			sourceTree = "<group>";
		};
		C48448B61AD507FC00609EA9 /* BaiMapTest2 */ = {
			isa = PBXGroup;
			children = (
				C48448B91AD507FC00609EA9 /* AppDelegate.swift */,
				C48448BB1AD507FC00609EA9 /* ViewController.swift */,
				C48448BD1AD507FC00609EA9 /* Main.storyboard */,
				C48448C01AD507FC00609EA9 /* Images.xcassets */,
				C48448C21AD507FC00609EA9 /* LaunchScreen.xib */,
				C48448B71AD507FC00609EA9 /* Supporting Files */,
			);
			path = BaiMapTest2;
			sourceTree = "<group>";
		};
		C48448B71AD507FC00609EA9 /* Supporting Files */ = {
			isa = PBXGroup;
			children = (
				C48448B81AD507FC00609EA9 /* Info.plist */,
				C484491D1AD5089C00609EA9 /* test.mm */,
				C484491C1AD5089C00609EA9 /* BaiMapTest2-Bridging-Header.h */,
			);
			name = "Supporting Files";
			sourceTree = "<group>";
		};
		C48448CC1AD507FC00609EA9 /* BaiMapTest2Tests */ = {
			isa = PBXGroup;
			children = (
				C48448CF1AD507FC00609EA9 /* BaiMapTest2Tests.swift */,
				C48448CD1AD507FC00609EA9 /* Supporting Files */,
			);
			path = BaiMapTest2Tests;
			sourceTree = "<group>";
		};
		C48448CD1AD507FC00609EA9 /* Supporting Files */ = {
			isa = PBXGroup;
			children = (
				C48448CE1AD507FC00609EA9 /* Info.plist */,
			);
			name = "Supporting Files";
			sourceTree = "<group>";
		};
		C48448D91AD5082700609EA9 /* inc */ = {
			isa = PBXGroup;
			children = (
				C48448DA1AD5082700609EA9 /* BMapKit.h */,
				C48448DB1AD5082700609EA9 /* BMKActionPaopaoView.h */,
				C48448DC1AD5082700609EA9 /* BMKAnnotation.h */,
				C48448DD1AD5082700609EA9 /* BMKAnnotationView.h */,
				C48448DE1AD5082700609EA9 /* BMKArcline.h */,
				C48448DF1AD5082700609EA9 /* BMKArclineView.h */,
				C48448E01AD5082700609EA9 /* BMKBaseComponent.h */,
				C48448E11AD5082700609EA9 /* BMKBusLineSearch.h */,
				C48448E21AD5082700609EA9 /* BMKBusLineSearchOption.h */,
				C48448E31AD5082700609EA9 /* BMKCircle.h */,
				C48448E41AD5082700609EA9 /* BMKCircleView.h */,
				C48448E51AD5082700609EA9 /* BMKCloudPOIList.h */,
				C48448E61AD5082700609EA9 /* BMKCloudSearch.h */,
				C48448E71AD5082700609EA9 /* BMKCloudSearchComponent.h */,
				C48448E81AD5082700609EA9 /* BMKCloudSearchInfo.h */,
				C48448E91AD5082700609EA9 /* BMKGeneralDelegate.h */,
				C48448EA1AD5082700609EA9 /* BMKGeocodeSearch.h */,
				C48448EB1AD5082700609EA9 /* BMKGeocodeSearchOption.h */,
				C48448EC1AD5082700609EA9 /* BMKGeocodeType.h */,
				C48448ED1AD5082700609EA9 /* BMKGeometry.h */,
				C48448EE1AD5082700609EA9 /* BMKGradient.h */,
				C48448EF1AD5082700609EA9 /* BMKGroundOverlay.h */,
				C48448F01AD5082700609EA9 /* BMKGroundOverlayView.h */,
				C48448F11AD5082700609EA9 /* BMKHeatMap.h */,
				C48448F21AD5082700609EA9 /* BMKLocationComponent.h */,
				C48448F31AD5082700609EA9 /* BMKLocationService.h */,
				C48448F41AD5082700609EA9 /* BMKLocationViewDisplayParam.h */,
				C48448F51AD5082700609EA9 /* BMKMapComponent.h */,
				C48448F61AD5082700609EA9 /* BMKMapManager.h */,
				C48448F71AD5082700609EA9 /* BMKMapStatus.h */,
				C48448F81AD5082700609EA9 /* BMKMapView.h */,
				C48448F91AD5082700609EA9 /* BMKMultiPoint.h */,
				C48448FA1AD5082700609EA9 /* BMKNavigation.h */,
				C48448FB1AD5082700609EA9 /* BMKOfflineMap.h */,
				C48448FC1AD5082700609EA9 /* BMKOfflineMapType.h */,
				C48448FD1AD5082700609EA9 /* BMKOverlay.h */,
				C48448FE1AD5082700609EA9 /* BMKOverlayGLBasicView.h */,
				C48448FF1AD5082700609EA9 /* BMKOverlayPathView.h */,
				C48449001AD5082700609EA9 /* BMKOverlayView.h */,
				C48449011AD5082700609EA9 /* BMKPinAnnotationView.h */,
				C48449021AD5082700609EA9 /* BMKPointAnnotation.h */,
				C48449031AD5082700609EA9 /* BMKPoiSearch.h */,
				C48449041AD5082700609EA9 /* BMKPoiSearchOption.h */,
				C48449051AD5082700609EA9 /* BMKPoiSearchType.h */,
				C48449061AD5082700609EA9 /* BMKPolygon.h */,
				C48449071AD5082700609EA9 /* BMKPolygonView.h */,
				C48449081AD5082700609EA9 /* BMKPolyline.h */,
				C48449091AD5082700609EA9 /* BMKPolylineView.h */,
				C484490A1AD5082700609EA9 /* BMKRouteSearch.h */,
				C484490B1AD5082700609EA9 /* BMKRouteSearchOption.h */,
				C484490C1AD5082700609EA9 /* BMKRouteSearchType.h */,
				C484490D1AD5082700609EA9 /* BMKSearchComponent.h */,
				C484490E1AD5082700609EA9 /* BMKShape.h */,
				C484490F1AD5082700609EA9 /* BMKShareURLSearch.h */,
				C48449101AD5082700609EA9 /* BMKShareUrlSearchOption.h */,
				C48449111AD5082700609EA9 /* BMKSuggestionSearch.h */,
				C48449121AD5082700609EA9 /* BMKSuggestionSearchOption.h */,
				C48449131AD5082700609EA9 /* BMKTypes.h */,
				C48449141AD5082700609EA9 /* BMKUserLocation.h */,
				C48449151AD5082700609EA9 /* BMKUtilsComponent.h */,
				C48449161AD5082700609EA9 /* BMKVersion.h */,
			);
			path = inc;
			sourceTree = "<group>";
		};
		C484491B1AD5086F00609EA9 /* libs */ = {
			isa = PBXGroup;
			children = (
				C48449191AD5085000609EA9 /* libbaidumapapi.a */,
			);
			name = libs;
			sourceTree = "<group>";
		};
/* End PBXGroup section */

/* Begin PBXNativeTarget section */
		C48448B31AD507FC00609EA9 /* BaiMapTest2 */ = {
			isa = PBXNativeTarget;
			buildConfigurationList = C48448D31AD507FC00609EA9 /* Build configuration list for PBXNativeTarget "BaiMapTest2" */;
			buildPhases = (
				C48448B01AD507FC00609EA9 /* Sources */,
				C48448B11AD507FC00609EA9 /* Frameworks */,
				C48448B21AD507FC00609EA9 /* Resources */,
			);
			buildRules = (
			);
			dependencies = (
			);
			name = BaiMapTest2;
			productName = BaiMapTest2;
			productReference = C48448B41AD507FC00609EA9 /* BaiMapTest2.app */;
			productType = "com.apple.product-type.application";
		};
		C48448C81AD507FC00609EA9 /* BaiMapTest2Tests */ = {
			isa = PBXNativeTarget;
			buildConfigurationList = C48448D61AD507FC00609EA9 /* Build configuration list for PBXNativeTarget "BaiMapTest2Tests" */;
			buildPhases = (
				C48448C51AD507FC00609EA9 /* Sources */,
				C48448C61AD507FC00609EA9 /* Frameworks */,
				C48448C71AD507FC00609EA9 /* Resources */,
			);
			buildRules = (
			);
			dependencies = (
				C48448CB1AD507FC00609EA9 /* PBXTargetDependency */,
			);
			name = BaiMapTest2Tests;
			productName = BaiMapTest2Tests;
			productReference = C48448C91AD507FC00609EA9 /* BaiMapTest2Tests.xctest */;
			productType = "com.apple.product-type.bundle.unit-test";
		};
/* End PBXNativeTarget section */

/* Begin PBXProject section */
		C48448AC1AD507FC00609EA9 /* Project object */ = {
			isa = PBXProject;
			attributes = {
				LastUpgradeCheck = 0620;
				ORGANIZATIONNAME = "Leon Zhang";
				TargetAttributes = {
					C48448B31AD507FC00609EA9 = {
						CreatedOnToolsVersion = 6.2;
					};
					C48448C81AD507FC00609EA9 = {
						CreatedOnToolsVersion = 6.2;
						TestTargetID = C48448B31AD507FC00609EA9;
					};
				};
			};
			buildConfigurationList = C48448AF1AD507FC00609EA9 /* Build configuration list for PBXProject "BaiMapTest2" */;
			compatibilityVersion = "Xcode 3.2";
			developmentRegion = English;
			hasScannedForEncodings = 0;
			knownRegions = (
				en,
				Base,
			);
			mainGroup = C48448AB1AD507FC00609EA9;
			productRefGroup = C48448B51AD507FC00609EA9 /* Products */;
			projectDirPath = "";
			projectRoot = "";
			targets = (
				C48448B31AD507FC00609EA9 /* BaiMapTest2 */,
				C48448C81AD507FC00609EA9 /* BaiMapTest2Tests */,
			);
		};
/* End PBXProject section */

/* Begin PBXResourcesBuildPhase section */
		C48448B21AD507FC00609EA9 /* Resources */ = {
			isa = PBXResourcesBuildPhase;
			buildActionMask = 2147483647;
			files = (
				C48448BF1AD507FC00609EA9 /* Main.storyboard in Resources */,
				C48449181AD5083200609EA9 /* mapapi.bundle in Resources */,
				C48448C41AD507FC00609EA9 /* LaunchScreen.xib in Resources */,
				C48448C11AD507FC00609EA9 /* Images.xcassets in Resources */,
			);
			runOnlyForDeploymentPostprocessing = 0;
		};
		C48448C71AD507FC00609EA9 /* Resources */ = {
			isa = PBXResourcesBuildPhase;
			buildActionMask = 2147483647;
			files = (
			);
			runOnlyForDeploymentPostprocessing = 0;
		};
/* End PBXResourcesBuildPhase section */

/* Begin PBXSourcesBuildPhase section */
		C48448B01AD507FC00609EA9 /* Sources */ = {
			isa = PBXSourcesBuildPhase;
			buildActionMask = 2147483647;
			files = (
				C48448BC1AD507FC00609EA9 /* ViewController.swift in Sources */,
				C48448BA1AD507FC00609EA9 /* AppDelegate.swift in Sources */,
				C484491E1AD5089C00609EA9 /* test.mm in Sources */,
			);
			runOnlyForDeploymentPostprocessing = 0;
		};
		C48448C51AD507FC00609EA9 /* Sources */ = {
			isa = PBXSourcesBuildPhase;
			buildActionMask = 2147483647;
			files = (
				C48448D01AD507FC00609EA9 /* BaiMapTest2Tests.swift in Sources */,
			);
			runOnlyForDeploymentPostprocessing = 0;
		};
/* End PBXSourcesBuildPhase section */

/* Begin PBXTargetDependency section */
		C48448CB1AD507FC00609EA9 /* PBXTargetDependency */ = {
			isa = PBXTargetDependency;
			target = C48448B31AD507FC00609EA9 /* BaiMapTest2 */;
			targetProxy = C48448CA1AD507FC00609EA9 /* PBXContainerItemProxy */;
		};
/* End PBXTargetDependency section */

/* Begin PBXVariantGroup section */
		C48448BD1AD507FC00609EA9 /* Main.storyboard */ = {
			isa = PBXVariantGroup;
			children = (
				C48448BE1AD507FC00609EA9 /* Base */,
			);
			name = Main.storyboard;
			sourceTree = "<group>";
		};
		C48448C21AD507FC00609EA9 /* LaunchScreen.xib */ = {
			isa = PBXVariantGroup;
			children = (
				C48448C31AD507FC00609EA9 /* Base */,
			);
			name = LaunchScreen.xib;
			sourceTree = "<group>";
		};
/* End PBXVariantGroup section */

/* Begin XCBuildConfiguration section */
		C48448D11AD507FC00609EA9 /* Debug */ = {
			isa = XCBuildConfiguration;
			buildSettings = {
				ALWAYS_SEARCH_USER_PATHS = NO;
				CLANG_CXX_LANGUAGE_STANDARD = "gnu++0x";
				CLANG_CXX_LIBRARY = "libc++";
				CLANG_ENABLE_MODULES = YES;
				CLANG_ENABLE_OBJC_ARC = YES;
				CLANG_WARN_BOOL_CONVERSION = YES;
				CLANG_WARN_CONSTANT_CONVERSION = YES;
				CLANG_WARN_DIRECT_OBJC_ISA_USAGE = YES_ERROR;
				CLANG_WARN_EMPTY_BODY = YES;
				CLANG_WARN_ENUM_CONVERSION = YES;
				CLANG_WARN_INT_CONVERSION = YES;
				CLANG_WARN_OBJC_ROOT_CLASS = YES_ERROR;
				CLANG_WARN_UNREACHABLE_CODE = YES;
				CLANG_WARN__DUPLICATE_METHOD_MATCH = YES;
				"CODE_SIGN_IDENTITY[sdk=iphoneos*]" = "iPhone Developer";
				COPY_PHASE_STRIP = NO;
				ENABLE_STRICT_OBJC_MSGSEND = YES;
				GCC_C_LANGUAGE_STANDARD = gnu99;
				GCC_DYNAMIC_NO_PIC = NO;
				GCC_OPTIMIZATION_LEVEL = 0;
				GCC_PREPROCESSOR_DEFINITIONS = (
					"DEBUG=1",
					"$(inherited)",
				);
				GCC_SYMBOLS_PRIVATE_EXTERN = NO;
				GCC_WARN_64_TO_32_BIT_CONVERSION = YES;
				GCC_WARN_ABOUT_RETURN_TYPE = YES_ERROR;
				GCC_WARN_UNDECLARED_SELECTOR = YES;
				GCC_WARN_UNINITIALIZED_AUTOS = YES_AGGRESSIVE;
				GCC_WARN_UNUSED_FUNCTION = YES;
				GCC_WARN_UNUSED_VARIABLE = YES;
				IPHONEOS_DEPLOYMENT_TARGET = 8.2;
				MTL_ENABLE_DEBUG_INFO = YES;
				ONLY_ACTIVE_ARCH = YES;
				SDKROOT = iphoneos;
				SWIFT_OPTIMIZATION_LEVEL = "-Onone";
			};
			name = Debug;
		};
		C48448D21AD507FC00609EA9 /* Release */ = {
			isa = XCBuildConfiguration;
			buildSettings = {
				ALWAYS_SEARCH_USER_PATHS = NO;
				CLANG_CXX_LANGUAGE_STANDARD = "gnu++0x";
				CLANG_CXX_LIBRARY = "libc++";
				CLANG_ENABLE_MODULES = YES;
				CLANG_ENABLE_OBJC_ARC = YES;
				CLANG_WARN_BOOL_CONVERSION = YES;
				CLANG_WARN_CONSTANT_CONVERSION = YES;
				CLANG_WARN_DIRECT_OBJC_ISA_USAGE = YES_ERROR;
				CLANG_WARN_EMPTY_BODY = YES;
				CLANG_WARN_ENUM_CONVERSION = YES;
				CLANG_WARN_INT_CONVERSION = YES;
				CLANG_WARN_OBJC_ROOT_CLASS = YES_ERROR;
				CLANG_WARN_UNREACHABLE_CODE = YES;
				CLANG_WARN__DUPLICATE_METHOD_MATCH = YES;
				"CODE_SIGN_IDENTITY[sdk=iphoneos*]" = "iPhone Developer";
				COPY_PHASE_STRIP = NO;
				ENABLE_NS_ASSERTIONS = NO;
				ENABLE_STRICT_OBJC_MSGSEND = YES;
				GCC_C_LANGUAGE_STANDARD = gnu99;
				GCC_WARN_64_TO_32_BIT_CONVERSION = YES;
				GCC_WARN_ABOUT_RETURN_TYPE = YES_ERROR;
				GCC_WARN_UNDECLARED_SELECTOR = YES;
				GCC_WARN_UNINITIALIZED_AUTOS = YES_AGGRESSIVE;
				GCC_WARN_UNUSED_FUNCTION = YES;
				GCC_WARN_UNUSED_VARIABLE = YES;
				IPHONEOS_DEPLOYMENT_TARGET = 8.2;
				MTL_ENABLE_DEBUG_INFO = NO;
				SDKROOT = iphoneos;
				VALIDATE_PRODUCT = YES;
			};
			name = Release;
		};
		C48448D41AD507FC00609EA9 /* Debug */ = {
			isa = XCBuildConfiguration;
			buildSettings = {
				ASSETCATALOG_COMPILER_APPICON_NAME = AppIcon;
				CLANG_ENABLE_MODULES = YES;
				INFOPLIST_FILE = BaiMapTest2/Info.plist;
				LD_RUNPATH_SEARCH_PATHS = "$(inherited) @executable_path/Frameworks";
				LIBRARY_SEARCH_PATHS = (
					"$(inherited)",
					"$(PROJECT_DIR)",
					"$(PROJECT_DIR)/libs/Release$(EFFECTIVE_PLATFORM_NAME)",
					"$(PROJECT_DIR)/libs/Debug$(EFFECTIVE_PLATFORM_NAME)",
				);
				ONLY_ACTIVE_ARCH = NO;
				OTHER_LDFLAGS = "-ObjC";
				PRODUCT_NAME = "$(TARGET_NAME)";
				SWIFT_OBJC_BRIDGING_HEADER = "BaiMapTest2/BaiMapTest2-Bridging-Header.h";
				SWIFT_OPTIMIZATION_LEVEL = "-Onone";
				VALID_ARCHS = "armv7 armv7s";
			};
			name = Debug;
		};
		C48448D51AD507FC00609EA9 /* Release */ = {
			isa = XCBuildConfiguration;
			buildSettings = {
				ASSETCATALOG_COMPILER_APPICON_NAME = AppIcon;
				CLANG_ENABLE_MODULES = YES;
				INFOPLIST_FILE = BaiMapTest2/Info.plist;
				LD_RUNPATH_SEARCH_PATHS = "$(inherited) @executable_path/Frameworks";
				LIBRARY_SEARCH_PATHS = (
					"$(inherited)",
					"$(PROJECT_DIR)",
					"$(PROJECT_DIR)/libs/Release$(EFFECTIVE_PLATFORM_NAME)",
					"$(PROJECT_DIR)/libs/Debug$(EFFECTIVE_PLATFORM_NAME)",
				);
				ONLY_ACTIVE_ARCH = NO;
				OTHER_LDFLAGS = "-ObjC";
				PRODUCT_NAME = "$(TARGET_NAME)";
				SWIFT_OBJC_BRIDGING_HEADER = "BaiMapTest2/BaiMapTest2-Bridging-Header.h";
				VALID_ARCHS = "armv7 armv7s";
			};
			name = Release;
		};
		C48448D71AD507FC00609EA9 /* Debug */ = {
			isa = XCBuildConfiguration;
			buildSettings = {
				BUNDLE_LOADER = "$(TEST_HOST)";
				FRAMEWORK_SEARCH_PATHS = (
					"$(SDKROOT)/Developer/Library/Frameworks",
					"$(inherited)",
				);
				GCC_PREPROCESSOR_DEFINITIONS = (
					"DEBUG=1",
					"$(inherited)",
				);
				INFOPLIST_FILE = BaiMapTest2Tests/Info.plist;
				LD_RUNPATH_SEARCH_PATHS = "$(inherited) @executable_path/Frameworks @loader_path/Frameworks";
				PRODUCT_NAME = "$(TARGET_NAME)";
				TEST_HOST = "$(BUILT_PRODUCTS_DIR)/BaiMapTest2.app/BaiMapTest2";
			};
			name = Debug;
		};
		C48448D81AD507FC00609EA9 /* Release */ = {
			isa = XCBuildConfiguration;
			buildSettings = {
				BUNDLE_LOADER = "$(TEST_HOST)";
				FRAMEWORK_SEARCH_PATHS = (
					"$(SDKROOT)/Developer/Library/Frameworks",
					"$(inherited)",
				);
				INFOPLIST_FILE = BaiMapTest2Tests/Info.plist;
				LD_RUNPATH_SEARCH_PATHS = "$(inherited) @executable_path/Frameworks @loader_path/Frameworks";
				PRODUCT_NAME = "$(TARGET_NAME)";
				TEST_HOST = "$(BUILT_PRODUCTS_DIR)/BaiMapTest2.app/BaiMapTest2";
			};
			name = Release;
		};
/* End XCBuildConfiguration section */

/* Begin XCConfigurationList section */
		C48448AF1AD507FC00609EA9 /* Build configuration list for PBXProject "BaiMapTest2" */ = {
			isa = XCConfigurationList;
			buildConfigurations = (
				C48448D11AD507FC00609EA9 /* Debug */,
				C48448D21AD507FC00609EA9 /* Release */,
			);
			defaultConfigurationIsVisible = 0;
			defaultConfigurationName = Release;
		};
		C48448D31AD507FC00609EA9 /* Build configuration list for PBXNativeTarget "BaiMapTest2" */ = {
			isa = XCConfigurationList;
			buildConfigurations = (
				C48448D41AD507FC00609EA9 /* Debug */,
				C48448D51AD507FC00609EA9 /* Release */,
			);
			defaultConfigurationIsVisible = 0;
		};
		C48448D61AD507FC00609EA9 /* Build configuration list for PBXNativeTarget "BaiMapTest2Tests" */ = {
			isa = XCConfigurationList;
			buildConfigurations = (
				C48448D71AD507FC00609EA9 /* Debug */,
				C48448D81AD507FC00609EA9 /* Release */,
			);
			defaultConfigurationIsVisible = 0;
		};
/* End XCConfigurationList section */
	};
	rootObject = C48448AC1AD507FC00609EA9 /* Project object */;
}
