// !$*UTF8*$!
{
	archiveVersion = 1;
	classes = {
	};
	objectVersion = 46;
	objects = {

/* Begin PBXBuildFile section */
		C4E31CAA1AADE4A600C4384E /* AppDelegate.swift in Sources */ = {isa = PBXBuildFile; fileRef = C4E31CA91AADE4A600C4384E /* AppDelegate.swift */; };
		C4E31CAC1AADE4A600C4384E /* RootViewController.swift in Sources */ = {isa = PBXBuildFile; fileRef = C4E31CAB1AADE4A600C4384E /* RootViewController.swift */; };
		C4E31CAE1AADE4A600C4384E /* DataViewController.swift in Sources */ = {isa = PBXBuildFile; fileRef = C4E31CAD1AADE4A600C4384E /* DataViewController.swift */; };
		C4E31CB01AADE4A600C4384E /* ModelController.swift in Sources */ = {isa = PBXBuildFile; fileRef = C4E31CAF1AADE4A600C4384E /* ModelController.swift */; };
		C4E31CB31AADE4A600C4384E /* Main.storyboard in Resources */ = {isa = PBXBuildFile; fileRef = C4E31CB11AADE4A600C4384E /* Main.storyboard */; };
		C4E31CB51AADE4A600C4384E /* Images.xcassets in Resources */ = {isa = PBXBuildFile; fileRef = C4E31CB41AADE4A600C4384E /* Images.xcassets */; };
		C4E31CB81AADE4A600C4384E /* LaunchScreen.xib in Resources */ = {isa = PBXBuildFile; fileRef = C4E31CB61AADE4A600C4384E /* LaunchScreen.xib */; };
		C4E31CC41AADE4A600C4384E /* babystarTests.swift in Sources */ = {isa = PBXBuildFile; fileRef = C4E31CC31AADE4A600C4384E /* babystarTests.swift */; };
/* End PBXBuildFile section */

/* Begin PBXContainerItemProxy section */
		C4E31CBE1AADE4A600C4384E /* PBXContainerItemProxy */ = {
			isa = PBXContainerItemProxy;
			containerPortal = C4E31C9C1AADE4A600C4384E /* Project object */;
			proxyType = 1;
			remoteGlobalIDString = C4E31CA31AADE4A600C4384E;
			remoteInfo = babystar;
		};
/* End PBXContainerItemProxy section */

/* Begin PBXFileReference section */
		C4E31CA41AADE4A600C4384E /* babystar.app */ = {isa = PBXFileReference; explicitFileType = wrapper.application; includeInIndex = 0; path = babystar.app; sourceTree = BUILT_PRODUCTS_DIR; };
		C4E31CA81AADE4A600C4384E /* Info.plist */ = {isa = PBXFileReference; lastKnownFileType = text.plist.xml; path = Info.plist; sourceTree = "<group>"; };
		C4E31CA91AADE4A600C4384E /* AppDelegate.swift */ = {isa = PBXFileReference; lastKnownFileType = sourcecode.swift; path = AppDelegate.swift; sourceTree = "<group>"; };
		C4E31CAB1AADE4A600C4384E /* RootViewController.swift */ = {isa = PBXFileReference; lastKnownFileType = sourcecode.swift; path = RootViewController.swift; sourceTree = "<group>"; };
		C4E31CAD1AADE4A600C4384E /* DataViewController.swift */ = {isa = PBXFileReference; lastKnownFileType = sourcecode.swift; path = DataViewController.swift; sourceTree = "<group>"; };
		C4E31CAF1AADE4A600C4384E /* ModelController.swift */ = {isa = PBXFileReference; lastKnownFileType = sourcecode.swift; path = ModelController.swift; sourceTree = "<group>"; };
		C4E31CB21AADE4A600C4384E /* Base */ = {isa = PBXFileReference; lastKnownFileType = file.storyboard; name = Base; path = Base.lproj/Main.storyboard; sourceTree = "<group>"; };
		C4E31CB41AADE4A600C4384E /* Images.xcassets */ = {isa = PBXFileReference; lastKnownFileType = folder.assetcatalog; path = Images.xcassets; sourceTree = "<group>"; };
		C4E31CB71AADE4A600C4384E /* Base */ = {isa = PBXFileReference; lastKnownFileType = file.xib; name = Base; path = Base.lproj/LaunchScreen.xib; sourceTree = "<group>"; };
		C4E31CBD1AADE4A600C4384E /* babystarTests.xctest */ = {isa = PBXFileReference; explicitFileType = wrapper.cfbundle; includeInIndex = 0; path = babystarTests.xctest; sourceTree = BUILT_PRODUCTS_DIR; };
		C4E31CC21AADE4A600C4384E /* Info.plist */ = {isa = PBXFileReference; lastKnownFileType = text.plist.xml; path = Info.plist; sourceTree = "<group>"; };
		C4E31CC31AADE4A600C4384E /* babystarTests.swift */ = {isa = PBXFileReference; lastKnownFileType = sourcecode.swift; path = babystarTests.swift; sourceTree = "<group>"; };
/* End PBXFileReference section */

/* Begin PBXFrameworksBuildPhase section */
		C4E31CA11AADE4A600C4384E /* Frameworks */ = {
			isa = PBXFrameworksBuildPhase;
			buildActionMask = 2147483647;
			files = (
			);
			runOnlyForDeploymentPostprocessing = 0;
		};
		C4E31CBA1AADE4A600C4384E /* Frameworks */ = {
			isa = PBXFrameworksBuildPhase;
			buildActionMask = 2147483647;
			files = (
			);
			runOnlyForDeploymentPostprocessing = 0;
		};
/* End PBXFrameworksBuildPhase section */

/* Begin PBXGroup section */
		C4E31C9B1AADE4A600C4384E = {
			isa = PBXGroup;
			children = (
				C4E31CA61AADE4A600C4384E /* babystar */,
				C4E31CC01AADE4A600C4384E /* babystarTests */,
				C4E31CA51AADE4A600C4384E /* Products */,
			);
			sourceTree = "<group>";
		};
		C4E31CA51AADE4A600C4384E /* Products */ = {
			isa = PBXGroup;
			children = (
				C4E31CA41AADE4A600C4384E /* babystar.app */,
				C4E31CBD1AADE4A600C4384E /* babystarTests.xctest */,
			);
			name = Products;
			sourceTree = "<group>";
		};
		C4E31CA61AADE4A600C4384E /* babystar */ = {
			isa = PBXGroup;
			children = (
				C4E31CA91AADE4A600C4384E /* AppDelegate.swift */,
				C4E31CAB1AADE4A600C4384E /* RootViewController.swift */,
				C4E31CAD1AADE4A600C4384E /* DataViewController.swift */,
				C4E31CAF1AADE4A600C4384E /* ModelController.swift */,
				C4E31CB11AADE4A600C4384E /* Main.storyboard */,
				C4E31CB41AADE4A600C4384E /* Images.xcassets */,
				C4E31CB61AADE4A600C4384E /* LaunchScreen.xib */,
				C4E31CA71AADE4A600C4384E /* Supporting Files */,
			);
			path = babystar;
			sourceTree = "<group>";
		};
		C4E31CA71AADE4A600C4384E /* Supporting Files */ = {
			isa = PBXGroup;
			children = (
				C4E31CA81AADE4A600C4384E /* Info.plist */,
			);
			name = "Supporting Files";
			sourceTree = "<group>";
		};
		C4E31CC01AADE4A600C4384E /* babystarTests */ = {
			isa = PBXGroup;
			children = (
				C4E31CC31AADE4A600C4384E /* babystarTests.swift */,
				C4E31CC11AADE4A600C4384E /* Supporting Files */,
			);
			path = babystarTests;
			sourceTree = "<group>";
		};
		C4E31CC11AADE4A600C4384E /* Supporting Files */ = {
			isa = PBXGroup;
			children = (
				C4E31CC21AADE4A600C4384E /* Info.plist */,
			);
			name = "Supporting Files";
			sourceTree = "<group>";
		};
/* End PBXGroup section */

/* Begin PBXNativeTarget section */
		C4E31CA31AADE4A600C4384E /* babystar */ = {
			isa = PBXNativeTarget;
			buildConfigurationList = C4E31CC71AADE4A600C4384E /* Build configuration list for PBXNativeTarget "babystar" */;
			buildPhases = (
				C4E31CA01AADE4A600C4384E /* Sources */,
				C4E31CA11AADE4A600C4384E /* Frameworks */,
				C4E31CA21AADE4A600C4384E /* Resources */,
			);
			buildRules = (
			);
			dependencies = (
			);
			name = babystar;
			productName = babystar;
			productReference = C4E31CA41AADE4A600C4384E /* babystar.app */;
			productType = "com.apple.product-type.application";
		};
		C4E31CBC1AADE4A600C4384E /* babystarTests */ = {
			isa = PBXNativeTarget;
			buildConfigurationList = C4E31CCA1AADE4A600C4384E /* Build configuration list for PBXNativeTarget "babystarTests" */;
			buildPhases = (
				C4E31CB91AADE4A600C4384E /* Sources */,
				C4E31CBA1AADE4A600C4384E /* Frameworks */,
				C4E31CBB1AADE4A600C4384E /* Resources */,
			);
			buildRules = (
			);
			dependencies = (
				C4E31CBF1AADE4A600C4384E /* PBXTargetDependency */,
			);
			name = babystarTests;
			productName = babystarTests;
			productReference = C4E31CBD1AADE4A600C4384E /* babystarTests.xctest */;
			productType = "com.apple.product-type.bundle.unit-test";
		};
/* End PBXNativeTarget section */

/* Begin PBXProject section */
		C4E31C9C1AADE4A600C4384E /* Project object */ = {
			isa = PBXProject;
			attributes = {
				LastUpgradeCheck = 0610;
				ORGANIZATIONNAME = "Leon Zhang";
				TargetAttributes = {
					C4E31CA31AADE4A600C4384E = {
						CreatedOnToolsVersion = 6.1.1;
					};
					C4E31CBC1AADE4A600C4384E = {
						CreatedOnToolsVersion = 6.1.1;
						TestTargetID = C4E31CA31AADE4A600C4384E;
					};
				};
			};
			buildConfigurationList = C4E31C9F1AADE4A600C4384E /* Build configuration list for PBXProject "babystar" */;
			compatibilityVersion = "Xcode 3.2";
			developmentRegion = English;
			hasScannedForEncodings = 0;
			knownRegions = (
				en,
				Base,
			);
			mainGroup = C4E31C9B1AADE4A600C4384E;
			productRefGroup = C4E31CA51AADE4A600C4384E /* Products */;
			projectDirPath = "";
			projectRoot = "";
			targets = (
				C4E31CA31AADE4A600C4384E /* babystar */,
				C4E31CBC1AADE4A600C4384E /* babystarTests */,
			);
		};
/* End PBXProject section */

/* Begin PBXResourcesBuildPhase section */
		C4E31CA21AADE4A600C4384E /* Resources */ = {
			isa = PBXResourcesBuildPhase;
			buildActionMask = 2147483647;
			files = (
				C4E31CB31AADE4A600C4384E /* Main.storyboard in Resources */,
				C4E31CB81AADE4A600C4384E /* LaunchScreen.xib in Resources */,
				C4E31CB51AADE4A600C4384E /* Images.xcassets in Resources */,
			);
			runOnlyForDeploymentPostprocessing = 0;
		};
		C4E31CBB1AADE4A600C4384E /* Resources */ = {
			isa = PBXResourcesBuildPhase;
			buildActionMask = 2147483647;
			files = (
			);
			runOnlyForDeploymentPostprocessing = 0;
		};
/* End PBXResourcesBuildPhase section */

/* Begin PBXSourcesBuildPhase section */
		C4E31CA01AADE4A600C4384E /* Sources */ = {
			isa = PBXSourcesBuildPhase;
			buildActionMask = 2147483647;
			files = (
				C4E31CAC1AADE4A600C4384E /* RootViewController.swift in Sources */,
				C4E31CB01AADE4A600C4384E /* ModelController.swift in Sources */,
				C4E31CAE1AADE4A600C4384E /* DataViewController.swift in Sources */,
				C4E31CAA1AADE4A600C4384E /* AppDelegate.swift in Sources */,
			);
			runOnlyForDeploymentPostprocessing = 0;
		};
		C4E31CB91AADE4A600C4384E /* Sources */ = {
			isa = PBXSourcesBuildPhase;
			buildActionMask = 2147483647;
			files = (
				C4E31CC41AADE4A600C4384E /* babystarTests.swift in Sources */,
			);
			runOnlyForDeploymentPostprocessing = 0;
		};
/* End PBXSourcesBuildPhase section */

/* Begin PBXTargetDependency section */
		C4E31CBF1AADE4A600C4384E /* PBXTargetDependency */ = {
			isa = PBXTargetDependency;
			target = C4E31CA31AADE4A600C4384E /* babystar */;
			targetProxy = C4E31CBE1AADE4A600C4384E /* PBXContainerItemProxy */;
		};
/* End PBXTargetDependency section */

/* Begin PBXVariantGroup section */
		C4E31CB11AADE4A600C4384E /* Main.storyboard */ = {
			isa = PBXVariantGroup;
			children = (
				C4E31CB21AADE4A600C4384E /* Base */,
			);
			name = Main.storyboard;
			sourceTree = "<group>";
		};
		C4E31CB61AADE4A600C4384E /* LaunchScreen.xib */ = {
			isa = PBXVariantGroup;
			children = (
				C4E31CB71AADE4A600C4384E /* Base */,
			);
			name = LaunchScreen.xib;
			sourceTree = "<group>";
		};
/* End PBXVariantGroup section */

/* Begin XCBuildConfiguration section */
		C4E31CC51AADE4A600C4384E /* Debug */ = {
			isa = XCBuildConfiguration;
			buildSettings = {
				ALWAYS_SEARCH_USER_PATHS = NO;
				CLANG_CXX_LANGUAGE_STANDARD = "gnu++0x";
				CLANG_CXX_LIBRARY = "libc++";
				CLANG_ENABLE_MODULES = YES;
				CLANG_ENABLE_OBJC_ARC = YES;
				CLANG_WARN_BOOL_CONVERSION = YES;
				CLANG_WARN_CONSTANT_CONVERSION = YES;
				CLANG_WARN_DIRECT_OBJC_ISA_USAGE = YES_ERROR;
				CLANG_WARN_EMPTY_BODY = YES;
				CLANG_WARN_ENUM_CONVERSION = YES;
				CLANG_WARN_INT_CONVERSION = YES;
				CLANG_WARN_OBJC_ROOT_CLASS = YES_ERROR;
				CLANG_WARN_UNREACHABLE_CODE = YES;
				CLANG_WARN__DUPLICATE_METHOD_MATCH = YES;
				"CODE_SIGN_IDENTITY[sdk=iphoneos*]" = "iPhone Developer";
				COPY_PHASE_STRIP = NO;
				ENABLE_STRICT_OBJC_MSGSEND = YES;
				GCC_C_LANGUAGE_STANDARD = gnu99;
				GCC_DYNAMIC_NO_PIC = NO;
				GCC_OPTIMIZATION_LEVEL = 0;
				GCC_PREPROCESSOR_DEFINITIONS = (
					"DEBUG=1",
					"$(inherited)",
				);
				GCC_SYMBOLS_PRIVATE_EXTERN = NO;
				GCC_WARN_64_TO_32_BIT_CONVERSION = YES;
				GCC_WARN_ABOUT_RETURN_TYPE = YES_ERROR;
				GCC_WARN_UNDECLARED_SELECTOR = YES;
				GCC_WARN_UNINITIALIZED_AUTOS = YES_AGGRESSIVE;
				GCC_WARN_UNUSED_FUNCTION = YES;
				GCC_WARN_UNUSED_VARIABLE = YES;
				IPHONEOS_DEPLOYMENT_TARGET = 8.1;
				MTL_ENABLE_DEBUG_INFO = YES;
				ONLY_ACTIVE_ARCH = YES;
				SDKROOT = iphoneos;
				SWIFT_OPTIMIZATION_LEVEL = "-Onone";
			};
			name = Debug;
		};
		C4E31CC61AADE4A600C4384E /* Release */ = {
			isa = XCBuildConfiguration;
			buildSettings = {
				ALWAYS_SEARCH_USER_PATHS = NO;
				CLANG_CXX_LANGUAGE_STANDARD = "gnu++0x";
				CLANG_CXX_LIBRARY = "libc++";
				CLANG_ENABLE_MODULES = YES;
				CLANG_ENABLE_OBJC_ARC = YES;
				CLANG_WARN_BOOL_CONVERSION = YES;
				CLANG_WARN_CONSTANT_CONVERSION = YES;
				CLANG_WARN_DIRECT_OBJC_ISA_USAGE = YES_ERROR;
				CLANG_WARN_EMPTY_BODY = YES;
				CLANG_WARN_ENUM_CONVERSION = YES;
				CLANG_WARN_INT_CONVERSION = YES;
				CLANG_WARN_OBJC_ROOT_CLASS = YES_ERROR;
				CLANG_WARN_UNREACHABLE_CODE = YES;
				CLANG_WARN__DUPLICATE_METHOD_MATCH = YES;
				"CODE_SIGN_IDENTITY[sdk=iphoneos*]" = "iPhone Developer";
				COPY_PHASE_STRIP = YES;
				ENABLE_NS_ASSERTIONS = NO;
				ENABLE_STRICT_OBJC_MSGSEND = YES;
				GCC_C_LANGUAGE_STANDARD = gnu99;
				GCC_WARN_64_TO_32_BIT_CONVERSION = YES;
				GCC_WARN_ABOUT_RETURN_TYPE = YES_ERROR;
				GCC_WARN_UNDECLARED_SELECTOR = YES;
				GCC_WARN_UNINITIALIZED_AUTOS = YES_AGGRESSIVE;
				GCC_WARN_UNUSED_FUNCTION = YES;
				GCC_WARN_UNUSED_VARIABLE = YES;
				IPHONEOS_DEPLOYMENT_TARGET = 8.1;
				MTL_ENABLE_DEBUG_INFO = NO;
				SDKROOT = iphoneos;
				VALIDATE_PRODUCT = YES;
			};
			name = Release;
		};
		C4E31CC81AADE4A600C4384E /* Debug */ = {
			isa = XCBuildConfiguration;
			buildSettings = {
				ASSETCATALOG_COMPILER_APPICON_NAME = AppIcon;
				INFOPLIST_FILE = babystar/Info.plist;
				LD_RUNPATH_SEARCH_PATHS = "$(inherited) @executable_path/Frameworks";
				PRODUCT_NAME = "$(TARGET_NAME)";
			};
			name = Debug;
		};
		C4E31CC91AADE4A600C4384E /* Release */ = {
			isa = XCBuildConfiguration;
			buildSettings = {
				ASSETCATALOG_COMPILER_APPICON_NAME = AppIcon;
				INFOPLIST_FILE = babystar/Info.plist;
				LD_RUNPATH_SEARCH_PATHS = "$(inherited) @executable_path/Frameworks";
				PRODUCT_NAME = "$(TARGET_NAME)";
			};
			name = Release;
		};
		C4E31CCB1AADE4A600C4384E /* Debug */ = {
			isa = XCBuildConfiguration;
			buildSettings = {
				BUNDLE_LOADER = "$(TEST_HOST)";
				FRAMEWORK_SEARCH_PATHS = (
					"$(SDKROOT)/Developer/Library/Frameworks",
					"$(inherited)",
				);
				GCC_PREPROCESSOR_DEFINITIONS = (
					"DEBUG=1",
					"$(inherited)",
				);
				INFOPLIST_FILE = babystarTests/Info.plist;
				LD_RUNPATH_SEARCH_PATHS = "$(inherited) @executable_path/Frameworks @loader_path/Frameworks";
				PRODUCT_NAME = "$(TARGET_NAME)";
				TEST_HOST = "$(BUILT_PRODUCTS_DIR)/babystar.app/babystar";
			};
			name = Debug;
		};
		C4E31CCC1AADE4A600C4384E /* Release */ = {
			isa = XCBuildConfiguration;
			buildSettings = {
				BUNDLE_LOADER = "$(TEST_HOST)";
				FRAMEWORK_SEARCH_PATHS = (
					"$(SDKROOT)/Developer/Library/Frameworks",
					"$(inherited)",
				);
				INFOPLIST_FILE = babystarTests/Info.plist;
				LD_RUNPATH_SEARCH_PATHS = "$(inherited) @executable_path/Frameworks @loader_path/Frameworks";
				PRODUCT_NAME = "$(TARGET_NAME)";
				TEST_HOST = "$(BUILT_PRODUCTS_DIR)/babystar.app/babystar";
			};
			name = Release;
		};
/* End XCBuildConfiguration section */

/* Begin XCConfigurationList section */
		C4E31C9F1AADE4A600C4384E /* Build configuration list for PBXProject "babystar" */ = {
			isa = XCConfigurationList;
			buildConfigurations = (
				C4E31CC51AADE4A600C4384E /* Debug */,
				C4E31CC61AADE4A600C4384E /* Release */,
			);
			defaultConfigurationIsVisible = 0;
			defaultConfigurationName = Release;
		};
		C4E31CC71AADE4A600C4384E /* Build configuration list for PBXNativeTarget "babystar" */ = {
			isa = XCConfigurationList;
			buildConfigurations = (
				C4E31CC81AADE4A600C4384E /* Debug */,
				C4E31CC91AADE4A600C4384E /* Release */,
			);
			defaultConfigurationIsVisible = 0;
		};
		C4E31CCA1AADE4A600C4384E /* Build configuration list for PBXNativeTarget "babystarTests" */ = {
			isa = XCConfigurationList;
			buildConfigurations = (
				C4E31CCB1AADE4A600C4384E /* Debug */,
				C4E31CCC1AADE4A600C4384E /* Release */,
			);
			defaultConfigurationIsVisible = 0;
		};
/* End XCConfigurationList section */
	};
	rootObject = C4E31C9C1AADE4A600C4384E /* Project object */;
}
