// !$*UTF8*$!
{
	archiveVersion = 1;
	classes = {
	};
	objectVersion = 46;
	objects = {

/* Begin PBXBuildFile section */
		C4D3D3E71A681D0400CF03F6 /* AppDelegate.swift in Sources */ = {isa = PBXBuildFile; fileRef = C4D3D3E61A681D0400CF03F6 /* AppDelegate.swift */; };
		C4D3D3E91A681D0400CF03F6 /* MasterViewController.swift in Sources */ = {isa = PBXBuildFile; fileRef = C4D3D3E81A681D0400CF03F6 /* MasterViewController.swift */; };
		C4D3D3EB1A681D0400CF03F6 /* DetailViewController.swift in Sources */ = {isa = PBXBuildFile; fileRef = C4D3D3EA1A681D0400CF03F6 /* DetailViewController.swift */; };
		C4D3D3EE1A681D0400CF03F6 /* Main.storyboard in Resources */ = {isa = PBXBuildFile; fileRef = C4D3D3EC1A681D0400CF03F6 /* Main.storyboard */; };
		C4D3D3F01A681D0400CF03F6 /* Images.xcassets in Resources */ = {isa = PBXBuildFile; fileRef = C4D3D3EF1A681D0400CF03F6 /* Images.xcassets */; };
		C4D3D3F31A681D0400CF03F6 /* LaunchScreen.xib in Resources */ = {isa = PBXBuildFile; fileRef = C4D3D3F11A681D0400CF03F6 /* LaunchScreen.xib */; };
		C4D3D3FF1A681D0400CF03F6 /* travel_AlphaTests.swift in Sources */ = {isa = PBXBuildFile; fileRef = C4D3D3FE1A681D0400CF03F6 /* travel_AlphaTests.swift */; };
/* End PBXBuildFile section */

/* Begin PBXContainerItemProxy section */
		C4D3D3F91A681D0400CF03F6 /* PBXContainerItemProxy */ = {
			isa = PBXContainerItemProxy;
			containerPortal = C4D3D3D91A681D0400CF03F6 /* Project object */;
			proxyType = 1;
			remoteGlobalIDString = C4D3D3E01A681D0400CF03F6;
			remoteInfo = travel_Alpha;
		};
/* End PBXContainerItemProxy section */

/* Begin PBXFileReference section */
		C4D3D3E11A681D0400CF03F6 /* travel_Alpha.app */ = {isa = PBXFileReference; explicitFileType = wrapper.application; includeInIndex = 0; path = travel_Alpha.app; sourceTree = BUILT_PRODUCTS_DIR; };
		C4D3D3E51A681D0400CF03F6 /* Info.plist */ = {isa = PBXFileReference; lastKnownFileType = text.plist.xml; path = Info.plist; sourceTree = "<group>"; };
		C4D3D3E61A681D0400CF03F6 /* AppDelegate.swift */ = {isa = PBXFileReference; lastKnownFileType = sourcecode.swift; path = AppDelegate.swift; sourceTree = "<group>"; };
		C4D3D3E81A681D0400CF03F6 /* MasterViewController.swift */ = {isa = PBXFileReference; lastKnownFileType = sourcecode.swift; path = MasterViewController.swift; sourceTree = "<group>"; };
		C4D3D3EA1A681D0400CF03F6 /* DetailViewController.swift */ = {isa = PBXFileReference; lastKnownFileType = sourcecode.swift; path = DetailViewController.swift; sourceTree = "<group>"; };
		C4D3D3ED1A681D0400CF03F6 /* Base */ = {isa = PBXFileReference; lastKnownFileType = file.storyboard; name = Base; path = Base.lproj/Main.storyboard; sourceTree = "<group>"; };
		C4D3D3EF1A681D0400CF03F6 /* Images.xcassets */ = {isa = PBXFileReference; lastKnownFileType = folder.assetcatalog; path = Images.xcassets; sourceTree = "<group>"; };
		C4D3D3F21A681D0400CF03F6 /* Base */ = {isa = PBXFileReference; lastKnownFileType = file.xib; name = Base; path = Base.lproj/LaunchScreen.xib; sourceTree = "<group>"; };
		C4D3D3F81A681D0400CF03F6 /* travel_AlphaTests.xctest */ = {isa = PBXFileReference; explicitFileType = wrapper.cfbundle; includeInIndex = 0; path = travel_AlphaTests.xctest; sourceTree = BUILT_PRODUCTS_DIR; };
		C4D3D3FD1A681D0400CF03F6 /* Info.plist */ = {isa = PBXFileReference; lastKnownFileType = text.plist.xml; path = Info.plist; sourceTree = "<group>"; };
		C4D3D3FE1A681D0400CF03F6 /* travel_AlphaTests.swift */ = {isa = PBXFileReference; lastKnownFileType = sourcecode.swift; path = travel_AlphaTests.swift; sourceTree = "<group>"; };
/* End PBXFileReference section */

/* Begin PBXFrameworksBuildPhase section */
		C4D3D3DE1A681D0400CF03F6 /* Frameworks */ = {
			isa = PBXFrameworksBuildPhase;
			buildActionMask = 2147483647;
			files = (
			);
			runOnlyForDeploymentPostprocessing = 0;
		};
		C4D3D3F51A681D0400CF03F6 /* Frameworks */ = {
			isa = PBXFrameworksBuildPhase;
			buildActionMask = 2147483647;
			files = (
			);
			runOnlyForDeploymentPostprocessing = 0;
		};
/* End PBXFrameworksBuildPhase section */

/* Begin PBXGroup section */
		C4D3D3D81A681D0400CF03F6 = {
			isa = PBXGroup;
			children = (
				C4D3D3E31A681D0400CF03F6 /* travel_Alpha */,
				C4D3D3FB1A681D0400CF03F6 /* travel_AlphaTests */,
				C4D3D3E21A681D0400CF03F6 /* Products */,
			);
			sourceTree = "<group>";
		};
		C4D3D3E21A681D0400CF03F6 /* Products */ = {
			isa = PBXGroup;
			children = (
				C4D3D3E11A681D0400CF03F6 /* travel_Alpha.app */,
				C4D3D3F81A681D0400CF03F6 /* travel_AlphaTests.xctest */,
			);
			name = Products;
			sourceTree = "<group>";
		};
		C4D3D3E31A681D0400CF03F6 /* travel_Alpha */ = {
			isa = PBXGroup;
			children = (
				C4D3D3E61A681D0400CF03F6 /* AppDelegate.swift */,
				C4D3D3E81A681D0400CF03F6 /* MasterViewController.swift */,
				C4D3D3EA1A681D0400CF03F6 /* DetailViewController.swift */,
				C4D3D3EC1A681D0400CF03F6 /* Main.storyboard */,
				C4D3D3EF1A681D0400CF03F6 /* Images.xcassets */,
				C4D3D3F11A681D0400CF03F6 /* LaunchScreen.xib */,
				C4D3D3E41A681D0400CF03F6 /* Supporting Files */,
			);
			path = travel_Alpha;
			sourceTree = "<group>";
		};
		C4D3D3E41A681D0400CF03F6 /* Supporting Files */ = {
			isa = PBXGroup;
			children = (
				C4D3D3E51A681D0400CF03F6 /* Info.plist */,
			);
			name = "Supporting Files";
			sourceTree = "<group>";
		};
		C4D3D3FB1A681D0400CF03F6 /* travel_AlphaTests */ = {
			isa = PBXGroup;
			children = (
				C4D3D3FE1A681D0400CF03F6 /* travel_AlphaTests.swift */,
				C4D3D3FC1A681D0400CF03F6 /* Supporting Files */,
			);
			path = travel_AlphaTests;
			sourceTree = "<group>";
		};
		C4D3D3FC1A681D0400CF03F6 /* Supporting Files */ = {
			isa = PBXGroup;
			children = (
				C4D3D3FD1A681D0400CF03F6 /* Info.plist */,
			);
			name = "Supporting Files";
			sourceTree = "<group>";
		};
/* End PBXGroup section */

/* Begin PBXNativeTarget section */
		C4D3D3E01A681D0400CF03F6 /* travel_Alpha */ = {
			isa = PBXNativeTarget;
			buildConfigurationList = C4D3D4021A681D0400CF03F6 /* Build configuration list for PBXNativeTarget "travel_Alpha" */;
			buildPhases = (
				C4D3D3DD1A681D0400CF03F6 /* Sources */,
				C4D3D3DE1A681D0400CF03F6 /* Frameworks */,
				C4D3D3DF1A681D0400CF03F6 /* Resources */,
			);
			buildRules = (
			);
			dependencies = (
			);
			name = travel_Alpha;
			productName = travel_Alpha;
			productReference = C4D3D3E11A681D0400CF03F6 /* travel_Alpha.app */;
			productType = "com.apple.product-type.application";
		};
		C4D3D3F71A681D0400CF03F6 /* travel_AlphaTests */ = {
			isa = PBXNativeTarget;
			buildConfigurationList = C4D3D4051A681D0400CF03F6 /* Build configuration list for PBXNativeTarget "travel_AlphaTests" */;
			buildPhases = (
				C4D3D3F41A681D0400CF03F6 /* Sources */,
				C4D3D3F51A681D0400CF03F6 /* Frameworks */,
				C4D3D3F61A681D0400CF03F6 /* Resources */,
			);
			buildRules = (
			);
			dependencies = (
				C4D3D3FA1A681D0400CF03F6 /* PBXTargetDependency */,
			);
			name = travel_AlphaTests;
			productName = travel_AlphaTests;
			productReference = C4D3D3F81A681D0400CF03F6 /* travel_AlphaTests.xctest */;
			productType = "com.apple.product-type.bundle.unit-test";
		};
/* End PBXNativeTarget section */

/* Begin PBXProject section */
		C4D3D3D91A681D0400CF03F6 /* Project object */ = {
			isa = PBXProject;
			attributes = {
				LastUpgradeCheck = 0610;
				ORGANIZATIONNAME = "Leon Zhang";
				TargetAttributes = {
					C4D3D3E01A681D0400CF03F6 = {
						CreatedOnToolsVersion = 6.1.1;
					};
					C4D3D3F71A681D0400CF03F6 = {
						CreatedOnToolsVersion = 6.1.1;
						TestTargetID = C4D3D3E01A681D0400CF03F6;
					};
				};
			};
			buildConfigurationList = C4D3D3DC1A681D0400CF03F6 /* Build configuration list for PBXProject "travel_Alpha" */;
			compatibilityVersion = "Xcode 3.2";
			developmentRegion = English;
			hasScannedForEncodings = 0;
			knownRegions = (
				en,
				Base,
			);
			mainGroup = C4D3D3D81A681D0400CF03F6;
			productRefGroup = C4D3D3E21A681D0400CF03F6 /* Products */;
			projectDirPath = "";
			projectRoot = "";
			targets = (
				C4D3D3E01A681D0400CF03F6 /* travel_Alpha */,
				C4D3D3F71A681D0400CF03F6 /* travel_AlphaTests */,
			);
		};
/* End PBXProject section */

/* Begin PBXResourcesBuildPhase section */
		C4D3D3DF1A681D0400CF03F6 /* Resources */ = {
			isa = PBXResourcesBuildPhase;
			buildActionMask = 2147483647;
			files = (
				C4D3D3EE1A681D0400CF03F6 /* Main.storyboard in Resources */,
				C4D3D3F31A681D0400CF03F6 /* LaunchScreen.xib in Resources */,
				C4D3D3F01A681D0400CF03F6 /* Images.xcassets in Resources */,
			);
			runOnlyForDeploymentPostprocessing = 0;
		};
		C4D3D3F61A681D0400CF03F6 /* Resources */ = {
			isa = PBXResourcesBuildPhase;
			buildActionMask = 2147483647;
			files = (
			);
			runOnlyForDeploymentPostprocessing = 0;
		};
/* End PBXResourcesBuildPhase section */

/* Begin PBXSourcesBuildPhase section */
		C4D3D3DD1A681D0400CF03F6 /* Sources */ = {
			isa = PBXSourcesBuildPhase;
			buildActionMask = 2147483647;
			files = (
				C4D3D3EB1A681D0400CF03F6 /* DetailViewController.swift in Sources */,
				C4D3D3E91A681D0400CF03F6 /* MasterViewController.swift in Sources */,
				C4D3D3E71A681D0400CF03F6 /* AppDelegate.swift in Sources */,
			);
			runOnlyForDeploymentPostprocessing = 0;
		};
		C4D3D3F41A681D0400CF03F6 /* Sources */ = {
			isa = PBXSourcesBuildPhase;
			buildActionMask = 2147483647;
			files = (
				C4D3D3FF1A681D0400CF03F6 /* travel_AlphaTests.swift in Sources */,
			);
			runOnlyForDeploymentPostprocessing = 0;
		};
/* End PBXSourcesBuildPhase section */

/* Begin PBXTargetDependency section */
		C4D3D3FA1A681D0400CF03F6 /* PBXTargetDependency */ = {
			isa = PBXTargetDependency;
			target = C4D3D3E01A681D0400CF03F6 /* travel_Alpha */;
			targetProxy = C4D3D3F91A681D0400CF03F6 /* PBXContainerItemProxy */;
		};
/* End PBXTargetDependency section */

/* Begin PBXVariantGroup section */
		C4D3D3EC1A681D0400CF03F6 /* Main.storyboard */ = {
			isa = PBXVariantGroup;
			children = (
				C4D3D3ED1A681D0400CF03F6 /* Base */,
			);
			name = Main.storyboard;
			sourceTree = "<group>";
		};
		C4D3D3F11A681D0400CF03F6 /* LaunchScreen.xib */ = {
			isa = PBXVariantGroup;
			children = (
				C4D3D3F21A681D0400CF03F6 /* Base */,
			);
			name = LaunchScreen.xib;
			sourceTree = "<group>";
		};
/* End PBXVariantGroup section */

/* Begin XCBuildConfiguration section */
		C4D3D4001A681D0400CF03F6 /* Debug */ = {
			isa = XCBuildConfiguration;
			buildSettings = {
				ALWAYS_SEARCH_USER_PATHS = NO;
				CLANG_CXX_LANGUAGE_STANDARD = "gnu++0x";
				CLANG_CXX_LIBRARY = "libc++";
				CLANG_ENABLE_MODULES = YES;
				CLANG_ENABLE_OBJC_ARC = YES;
				CLANG_WARN_BOOL_CONVERSION = YES;
				CLANG_WARN_CONSTANT_CONVERSION = YES;
				CLANG_WARN_DIRECT_OBJC_ISA_USAGE = YES_ERROR;
				CLANG_WARN_EMPTY_BODY = YES;
				CLANG_WARN_ENUM_CONVERSION = YES;
				CLANG_WARN_INT_CONVERSION = YES;
				CLANG_WARN_OBJC_ROOT_CLASS = YES_ERROR;
				CLANG_WARN_UNREACHABLE_CODE = YES;
				CLANG_WARN__DUPLICATE_METHOD_MATCH = YES;
				"CODE_SIGN_IDENTITY[sdk=iphoneos*]" = "iPhone Developer";
				COPY_PHASE_STRIP = NO;
				ENABLE_STRICT_OBJC_MSGSEND = YES;
				GCC_C_LANGUAGE_STANDARD = gnu99;
				GCC_DYNAMIC_NO_PIC = NO;
				GCC_OPTIMIZATION_LEVEL = 0;
				GCC_PREPROCESSOR_DEFINITIONS = (
					"DEBUG=1",
					"$(inherited)",
				);
				GCC_SYMBOLS_PRIVATE_EXTERN = NO;
				GCC_WARN_64_TO_32_BIT_CONVERSION = YES;
				GCC_WARN_ABOUT_RETURN_TYPE = YES_ERROR;
				GCC_WARN_UNDECLARED_SELECTOR = YES;
				GCC_WARN_UNINITIALIZED_AUTOS = YES_AGGRESSIVE;
				GCC_WARN_UNUSED_FUNCTION = YES;
				GCC_WARN_UNUSED_VARIABLE = YES;
				IPHONEOS_DEPLOYMENT_TARGET = 8.1;
				MTL_ENABLE_DEBUG_INFO = YES;
				ONLY_ACTIVE_ARCH = YES;
				SDKROOT = iphoneos;
				SWIFT_OPTIMIZATION_LEVEL = "-Onone";
				TARGETED_DEVICE_FAMILY = "1,2";
			};
			name = Debug;
		};
		C4D3D4011A681D0400CF03F6 /* Release */ = {
			isa = XCBuildConfiguration;
			buildSettings = {
				ALWAYS_SEARCH_USER_PATHS = NO;
				CLANG_CXX_LANGUAGE_STANDARD = "gnu++0x";
				CLANG_CXX_LIBRARY = "libc++";
				CLANG_ENABLE_MODULES = YES;
				CLANG_ENABLE_OBJC_ARC = YES;
				CLANG_WARN_BOOL_CONVERSION = YES;
				CLANG_WARN_CONSTANT_CONVERSION = YES;
				CLANG_WARN_DIRECT_OBJC_ISA_USAGE = YES_ERROR;
				CLANG_WARN_EMPTY_BODY = YES;
				CLANG_WARN_ENUM_CONVERSION = YES;
				CLANG_WARN_INT_CONVERSION = YES;
				CLANG_WARN_OBJC_ROOT_CLASS = YES_ERROR;
				CLANG_WARN_UNREACHABLE_CODE = YES;
				CLANG_WARN__DUPLICATE_METHOD_MATCH = YES;
				"CODE_SIGN_IDENTITY[sdk=iphoneos*]" = "iPhone Developer";
				COPY_PHASE_STRIP = YES;
				ENABLE_NS_ASSERTIONS = NO;
				ENABLE_STRICT_OBJC_MSGSEND = YES;
				GCC_C_LANGUAGE_STANDARD = gnu99;
				GCC_WARN_64_TO_32_BIT_CONVERSION = YES;
				GCC_WARN_ABOUT_RETURN_TYPE = YES_ERROR;
				GCC_WARN_UNDECLARED_SELECTOR = YES;
				GCC_WARN_UNINITIALIZED_AUTOS = YES_AGGRESSIVE;
				GCC_WARN_UNUSED_FUNCTION = YES;
				GCC_WARN_UNUSED_VARIABLE = YES;
				IPHONEOS_DEPLOYMENT_TARGET = 8.1;
				MTL_ENABLE_DEBUG_INFO = NO;
				SDKROOT = iphoneos;
				TARGETED_DEVICE_FAMILY = "1,2";
				VALIDATE_PRODUCT = YES;
			};
			name = Release;
		};
		C4D3D4031A681D0400CF03F6 /* Debug */ = {
			isa = XCBuildConfiguration;
			buildSettings = {
				ASSETCATALOG_COMPILER_APPICON_NAME = AppIcon;
				INFOPLIST_FILE = travel_Alpha/Info.plist;
				LD_RUNPATH_SEARCH_PATHS = "$(inherited) @executable_path/Frameworks";
				PRODUCT_NAME = "$(TARGET_NAME)";
			};
			name = Debug;
		};
		C4D3D4041A681D0400CF03F6 /* Release */ = {
			isa = XCBuildConfiguration;
			buildSettings = {
				ASSETCATALOG_COMPILER_APPICON_NAME = AppIcon;
				INFOPLIST_FILE = travel_Alpha/Info.plist;
				LD_RUNPATH_SEARCH_PATHS = "$(inherited) @executable_path/Frameworks";
				PRODUCT_NAME = "$(TARGET_NAME)";
			};
			name = Release;
		};
		C4D3D4061A681D0400CF03F6 /* Debug */ = {
			isa = XCBuildConfiguration;
			buildSettings = {
				BUNDLE_LOADER = "$(TEST_HOST)";
				FRAMEWORK_SEARCH_PATHS = (
					"$(SDKROOT)/Developer/Library/Frameworks",
					"$(inherited)",
				);
				GCC_PREPROCESSOR_DEFINITIONS = (
					"DEBUG=1",
					"$(inherited)",
				);
				INFOPLIST_FILE = travel_AlphaTests/Info.plist;
				LD_RUNPATH_SEARCH_PATHS = "$(inherited) @executable_path/Frameworks @loader_path/Frameworks";
				PRODUCT_NAME = "$(TARGET_NAME)";
				TEST_HOST = "$(BUILT_PRODUCTS_DIR)/travel_Alpha.app/travel_Alpha";
			};
			name = Debug;
		};
		C4D3D4071A681D0400CF03F6 /* Release */ = {
			isa = XCBuildConfiguration;
			buildSettings = {
				BUNDLE_LOADER = "$(TEST_HOST)";
				FRAMEWORK_SEARCH_PATHS = (
					"$(SDKROOT)/Developer/Library/Frameworks",
					"$(inherited)",
				);
				INFOPLIST_FILE = travel_AlphaTests/Info.plist;
				LD_RUNPATH_SEARCH_PATHS = "$(inherited) @executable_path/Frameworks @loader_path/Frameworks";
				PRODUCT_NAME = "$(TARGET_NAME)";
				TEST_HOST = "$(BUILT_PRODUCTS_DIR)/travel_Alpha.app/travel_Alpha";
			};
			name = Release;
		};
/* End XCBuildConfiguration section */

/* Begin XCConfigurationList section */
		C4D3D3DC1A681D0400CF03F6 /* Build configuration list for PBXProject "travel_Alpha" */ = {
			isa = XCConfigurationList;
			buildConfigurations = (
				C4D3D4001A681D0400CF03F6 /* Debug */,
				C4D3D4011A681D0400CF03F6 /* Release */,
			);
			defaultConfigurationIsVisible = 0;
			defaultConfigurationName = Release;
		};
		C4D3D4021A681D0400CF03F6 /* Build configuration list for PBXNativeTarget "travel_Alpha" */ = {
			isa = XCConfigurationList;
			buildConfigurations = (
				C4D3D4031A681D0400CF03F6 /* Debug */,
				C4D3D4041A681D0400CF03F6 /* Release */,
			);
			defaultConfigurationIsVisible = 0;
		};
		C4D3D4051A681D0400CF03F6 /* Build configuration list for PBXNativeTarget "travel_AlphaTests" */ = {
			isa = XCConfigurationList;
			buildConfigurations = (
				C4D3D4061A681D0400CF03F6 /* Debug */,
				C4D3D4071A681D0400CF03F6 /* Release */,
			);
			defaultConfigurationIsVisible = 0;
		};
/* End XCConfigurationList section */
	};
	rootObject = C4D3D3D91A681D0400CF03F6 /* Project object */;
}
